<?xml version="1.0" encoding="utf-8"?>
<Project ToolsVersion="4.0" xmlns="http://schemas.microsoft.com/developer/msbuild/2003">
  <ItemGroup>
    <Filter Include="Source Files">
      <UniqueIdentifier>{4FC737F1-C7A5-4376-A066-2A32D752A2FF}</UniqueIdentifier>
      <Extensions>cpp;c;cc;cxx;def;odl;idl;hpj;bat;asm;asmx</Extensions>
    </Filter>
    <Filter Include="Source Files\States">
      <UniqueIdentifier>{4c338eac-6a16-447d-9675-0fb6f6775bda}</UniqueIdentifier>
    </Filter>
    <Filter Include="Source Files\Things">
      <UniqueIdentifier>{52eb17f3-c971-4ead-bf0c-5c4e384abc52}</UniqueIdentifier>
    </Filter>
    <Filter Include="Source Files\Things\Robots">
      <UniqueIdentifier>{131c8505-7c2b-49a2-9a9f-39f18a5b600a}</UniqueIdentifier>
    </Filter>
    <Filter Include="Source Files\Things\Structures">
      <UniqueIdentifier>{4ed844e6-1ccb-4e6f-887c-381f36561c0e}</UniqueIdentifier>
    </Filter>
    <Filter Include="Source Files\UI">
      <UniqueIdentifier>{53be18b8-eaba-46f1-98d9-72eaaeb9c314}</UniqueIdentifier>
    </Filter>
    <Filter Include="Source Files\UI\Core">
      <UniqueIdentifier>{a106ce63-62be-4ae0-956c-53b458bed822}</UniqueIdentifier>
    </Filter>
    <Filter Include="Header Files">
      <UniqueIdentifier>{93995380-89BD-4b04-88EB-625FBE52EBFB}</UniqueIdentifier>
      <Extensions>h;hpp;hxx;hm;inl;inc;xsd</Extensions>
    </Filter>
    <Filter Include="Header Files\States">
      <UniqueIdentifier>{402a383d-3f20-4883-b636-09f71bc952da}</UniqueIdentifier>
    </Filter>
    <Filter Include="Header Files\Things">
      <UniqueIdentifier>{f1567006-6b53-4e9f-a038-9e5e9d444cb3}</UniqueIdentifier>
    </Filter>
    <Filter Include="Header Files\Things\Robots">
      <UniqueIdentifier>{affdff4d-cd8d-452b-b49b-b21fe6e4d487}</UniqueIdentifier>
    </Filter>
    <Filter Include="Header Files\Things\Structures">
      <UniqueIdentifier>{1d0c1304-94ea-4f94-b1e6-439408414946}</UniqueIdentifier>
    </Filter>
    <Filter Include="Header Files\UI">
      <UniqueIdentifier>{7554b729-89ba-4834-bcb5-d29c59f0d91a}</UniqueIdentifier>
    </Filter>
    <Filter Include="Header Files\UI\Core">
      <UniqueIdentifier>{50739b22-ad40-4252-9c5d-4fd92dfa3be7}</UniqueIdentifier>
    </Filter>
    <Filter Include="Resource Files">
      <UniqueIdentifier>{67DA6AB6-F800-4c08-8B7A-83BB121AAD01}</UniqueIdentifier>
      <Extensions>rc;ico;cur;bmp;dlg;rc2;rct;bin;rgs;gif;jpg;jpeg;jpe;resx;tiff;tif;png;wav</Extensions>
    </Filter>
    <Filter Include="Header Files\Constants">
      <UniqueIdentifier>{df1a7586-89dd-467f-b703-58d0b820cd47}</UniqueIdentifier>
    </Filter>
    <Filter Include="Header Files\Population">
      <UniqueIdentifier>{964e7130-2144-43ab-a0c0-ff1f199d1c15}</UniqueIdentifier>
    </Filter>
    <Filter Include="Source Files\Population">
      <UniqueIdentifier>{d903cae4-8bc6-462c-afb0-c731298b8840}</UniqueIdentifier>
    </Filter>
    <Filter Include="Header Files\Map">
      <UniqueIdentifier>{ef0f2f7d-e0aa-47f6-a564-6a2de9a2cef2}</UniqueIdentifier>
    </Filter>
    <Filter Include="Source Files\Map">
      <UniqueIdentifier>{8013e5ff-baf7-4499-bff7-a7e38570a994}</UniqueIdentifier>
    </Filter>
    <Filter Include="Header Files\UI\Reports">
      <UniqueIdentifier>{a44c6715-e1af-4914-a179-42b503304355}</UniqueIdentifier>
    </Filter>
    <Filter Include="Source Files\UI\Reports">
      <UniqueIdentifier>{463384e6-546b-4f3c-adda-f9c094bc326e}</UniqueIdentifier>
    </Filter>
    <Filter Include="Source Files\UI\SpecializedListBox">
      <UniqueIdentifier>{cd5e28df-9593-4566-86b8-d6e3a5c24335}</UniqueIdentifier>
    </Filter>
    <Filter Include="Header Files\UI\SpecializedListBox">
      <UniqueIdentifier>{cb143db0-8f9f-4ca0-b688-47c9e12cce98}</UniqueIdentifier>
    </Filter>
    <Filter Include="Header Files\MicroPather">
      <UniqueIdentifier>{2edfd0b6-d405-4d57-954e-054f9de7cf34}</UniqueIdentifier>
    </Filter>
    <Filter Include="Source Files\MicroPather">
      <UniqueIdentifier>{53d69791-75af-4014-99df-f2d2582597ca}</UniqueIdentifier>
    </Filter>
    <Filter Include="Header Files\Technology">
      <UniqueIdentifier>{9d60dddd-887a-4c9d-9a55-97884aedd298}</UniqueIdentifier>
    </Filter>
    <Filter Include="Source Files\Technology">
      <UniqueIdentifier>{f03fdd93-09f6-4050-a5df-18305b27811d}</UniqueIdentifier>
    </Filter>
  </ItemGroup>
  <ItemGroup>
    <ClCompile Include="main.cpp">
      <Filter>Source Files</Filter>
    </ClCompile>
    <ClCompile Include="DirectionOffset.cpp">
      <Filter>Source Files</Filter>
    </ClCompile>
    <ClCompile Include="Mine.cpp">
      <Filter>Source Files</Filter>
    </ClCompile>
    <ClCompile Include="StructureManager.cpp">
      <Filter>Source Files</Filter>
    </ClCompile>
    <ClCompile Include="Things\Structures\Structure.cpp">
      <Filter>Source Files\Things\Structures</Filter>
    </ClCompile>
    <ClCompile Include="UI\DetailMap.cpp">
      <Filter>Source Files\UI</Filter>
    </ClCompile>
    <ClCompile Include="UI\DiggerDirection.cpp">
      <Filter>Source Files\UI</Filter>
    </ClCompile>
    <ClCompile Include="UI\TileInspector.cpp">
      <Filter>Source Files\UI</Filter>
    </ClCompile>
    <ClCompile Include="UI\Core\Button.cpp">
      <Filter>Source Files\UI\Core</Filter>
    </ClCompile>
    <ClCompile Include="UI\Core\Control.cpp">
      <Filter>Source Files\UI\Core</Filter>
    </ClCompile>
    <ClCompile Include="UI\Core\UIContainer.cpp">
      <Filter>Source Files\UI\Core</Filter>
    </ClCompile>
    <ClCompile Include="GraphWalker.cpp">
      <Filter>Source Files</Filter>
    </ClCompile>
    <ClCompile Include="RobotPool.cpp">
      <Filter>Source Files</Filter>
    </ClCompile>
    <ClCompile Include="ShellOpenPath.cpp">
      <Filter>Source Files</Filter>
    </ClCompile>
    <ClCompile Include="Things\Robots\Robot.cpp">
      <Filter>Source Files\Things\Robots</Filter>
    </ClCompile>
    <ClCompile Include="Things\Structures\Factory.cpp">
      <Filter>Source Files\Things\Structures</Filter>
    </ClCompile>
    <ClCompile Include="States\PlanetSelectState.cpp">
      <Filter>Source Files\States</Filter>
    </ClCompile>
    <ClCompile Include="UI\Core\TextField.cpp">
      <Filter>Source Files\UI\Core</Filter>
    </ClCompile>
    <ClCompile Include="UI\FactoryProduction.cpp">
      <Filter>Source Files\UI</Filter>
    </ClCompile>
    <ClCompile Include="UI\IconGrid.cpp">
      <Filter>Source Files\UI</Filter>
    </ClCompile>
    <ClCompile Include="UI\StructureInspector.cpp">
      <Filter>Source Files\UI</Filter>
    </ClCompile>
    <ClCompile Include="States\SplashState.cpp">
      <Filter>Source Files\States</Filter>
    </ClCompile>
    <ClCompile Include="UI\Core\TextArea.cpp">
      <Filter>Source Files\UI\Core</Filter>
    </ClCompile>
    <ClCompile Include="UI\Core\Window.cpp">
      <Filter>Source Files\UI\Core</Filter>
    </ClCompile>
    <ClCompile Include="UI\Core\WindowStack.cpp">
      <Filter>Source Files\UI\Core</Filter>
    </ClCompile>
    <ClCompile Include="Population\Population.cpp">
      <Filter>Source Files\Population</Filter>
    </ClCompile>
    <ClCompile Include="Map\MapCoordinate.cpp">
      <Filter>Source Files\Map</Filter>
    </ClCompile>
    <ClCompile Include="Map\MapView.cpp">
      <Filter>Source Files\Map</Filter>
    </ClCompile>
    <ClCompile Include="Map\Tile.cpp">
      <Filter>Source Files\Map</Filter>
    </ClCompile>
    <ClCompile Include="Map\TileMap.cpp">
      <Filter>Source Files\Map</Filter>
    </ClCompile>
    <ClCompile Include="UI\GameOverDialog.cpp">
      <Filter>Source Files\UI</Filter>
    </ClCompile>
    <ClCompile Include="UI\MajorEventAnnouncement.cpp">
      <Filter>Source Files\UI</Filter>
    </ClCompile>
    <ClCompile Include="UI\MessageBox.cpp">
      <Filter>Source Files\UI</Filter>
    </ClCompile>
    <ClCompile Include="UI\FileIo.cpp">
      <Filter>Source Files\UI</Filter>
    </ClCompile>
    <ClCompile Include="UI\GameOptionsDialog.cpp">
      <Filter>Source Files\UI</Filter>
    </ClCompile>
    <ClCompile Include="PopulationPool.cpp">
      <Filter>Source Files</Filter>
    </ClCompile>
    <ClCompile Include="StructureCatalogue.cpp">
      <Filter>Source Files</Filter>
    </ClCompile>
    <ClCompile Include="Common.cpp">
      <Filter>Source Files</Filter>
    </ClCompile>
    <ClCompile Include="UI\Core\ScrollBar.cpp">
      <Filter>Source Files\UI\Core</Filter>
    </ClCompile>
    <ClCompile Include="UI\Core\ListBox.cpp">
      <Filter>Source Files\UI\Core</Filter>
    </ClCompile>
    <ClCompile Include="ProductPool.cpp">
      <Filter>Source Files</Filter>
    </ClCompile>
    <ClCompile Include="UI\WarehouseInspector.cpp">
      <Filter>Source Files\UI</Filter>
    </ClCompile>
    <ClCompile Include="States\MainMenuState.cpp">
      <Filter>Source Files\States</Filter>
    </ClCompile>
    <ClCompile Include="Things\Structures\RobotCommand.cpp">
      <Filter>Source Files\Things\Structures</Filter>
    </ClCompile>
    <ClCompile Include="Things\Structures\MineFacility.cpp">
      <Filter>Source Files\Things\Structures</Filter>
    </ClCompile>
    <ClCompile Include="UI\MineOperationsWindow.cpp">
      <Filter>Source Files\UI</Filter>
    </ClCompile>
    <ClCompile Include="UI\MiniMap.cpp">
      <Filter>Source Files\UI</Filter>
    </ClCompile>
    <ClCompile Include="UI\NavControl.cpp">
      <Filter>Source Files\UI</Filter>
    </ClCompile>
    <ClCompile Include="States\MainReportsUiState.cpp">
      <Filter>Source Files\States</Filter>
    </ClCompile>
    <ClCompile Include="States\MapViewState.cpp">
      <Filter>Source Files\States</Filter>
    </ClCompile>
    <ClCompile Include="States\MapViewStateDraw.cpp">
      <Filter>Source Files\States</Filter>
    </ClCompile>
    <ClCompile Include="States\MapViewStateEvent.cpp">
      <Filter>Source Files\States</Filter>
    </ClCompile>
    <ClCompile Include="States\MapViewStateHelper.cpp">
      <Filter>Source Files\States</Filter>
    </ClCompile>
    <ClCompile Include="States\MapViewStateIO.cpp">
      <Filter>Source Files\States</Filter>
    </ClCompile>
    <ClCompile Include="States\MapViewStateTurn.cpp">
      <Filter>Source Files\States</Filter>
    </ClCompile>
    <ClCompile Include="States\MapViewStateUi.cpp">
      <Filter>Source Files\States</Filter>
    </ClCompile>
    <ClCompile Include="States\GameState.cpp">
      <Filter>Source Files\States</Filter>
    </ClCompile>
    <ClCompile Include="UI\Core\ComboBox.cpp">
      <Filter>Source Files\UI\Core</Filter>
    </ClCompile>
    <ClCompile Include="UI\Reports\FactoryReport.cpp">
      <Filter>Source Files\UI\Reports</Filter>
    </ClCompile>
    <ClCompile Include="UI\Core\CheckBox.cpp">
      <Filter>Source Files\UI\Core</Filter>
    </ClCompile>
    <ClCompile Include="UI\PopulationPanel.cpp">
      <Filter>Source Files\UI</Filter>
    </ClCompile>
    <ClCompile Include="UI\Core\ListBoxBase.cpp">
      <Filter>Source Files\UI\Core</Filter>
    </ClCompile>
    <ClCompile Include="States\Planet.cpp">
      <Filter>Source Files\States</Filter>
    </ClCompile>
    <ClCompile Include="UI\Reports\WarehouseReport.cpp">
      <Filter>Source Files\UI\Reports</Filter>
    </ClCompile>
    <ClCompile Include="UI\FactoryListBox.cpp">
      <Filter>Source Files\UI\SpecializedListBox</Filter>
    </ClCompile>
    <ClCompile Include="UI\StructureListBox.cpp">
      <Filter>Source Files\UI\SpecializedListBox</Filter>
    </ClCompile>
    <ClCompile Include="UI\ProductListBox.cpp">
      <Filter>Source Files\UI\SpecializedListBox</Filter>
    </ClCompile>
    <ClCompile Include="WindowEventWrapper.h">
      <Filter>Header Files</Filter>
    </ClCompile>
    <ClCompile Include="UI\ResourceBreakdownPanel.cpp">
      <Filter>Source Files\UI</Filter>
    </ClCompile>
    <ClCompile Include="UI\ResourceInfoBar.cpp">
      <Filter>Source Files\UI</Filter>
    </ClCompile>
    <ClCompile Include="UI\RobotDeploymentSummary.cpp">
      <Filter>Source Files\UI</Filter>
    </ClCompile>
    <ClCompile Include="MicroPather\micropather.cpp">
      <Filter>Source Files\MicroPather</Filter>
    </ClCompile>
    <ClCompile Include="UI\Core\Label.cpp">
      <Filter>Source Files\UI\Core</Filter>
    </ClCompile>
    <ClCompile Include="UI\Core\RadioButton.cpp">
      <Filter>Source Files\UI\Core</Filter>
    </ClCompile>
    <ClCompile Include="UI\Core\RadioButtonGroup.cpp">
      <Filter>Source Files\UI\Core</Filter>
    </ClCompile>
    <ClCompile Include="UI\TextRender.cpp">
      <Filter>Source Files\UI</Filter>
    </ClCompile>
    <ClCompile Include="UI\StringTable.cpp">
      <Filter>Source Files\UI</Filter>
    </ClCompile>
    <ClCompile Include="IOHelper.cpp">
      <Filter>Source Files</Filter>
    </ClCompile>
    <ClCompile Include="UI\Core\TextControl.cpp">
      <Filter>Source Files\UI\Core</Filter>
    </ClCompile>
    <ClCompile Include="UI\Reports\MineReport.cpp">
      <Filter>Source Files\UI\Reports</Filter>
    </ClCompile>
    <ClCompile Include="UI\Core\ToolTip.cpp">
      <Filter>Source Files\UI\Core</Filter>
    </ClCompile>
    <ClCompile Include="UI\RobotInspector.cpp">
      <Filter>Source Files\UI</Filter>
    </ClCompile>
    <ClCompile Include="XmlSerializer.cpp">
      <Filter>Source Files</Filter>
    </ClCompile>
    <ClCompile Include="UI\NotificationArea.cpp">
      <Filter>Source Files\UI</Filter>
    </ClCompile>
    <ClCompile Include="UI\NotificationWindow.cpp">
      <Filter>Source Files\UI</Filter>
    </ClCompile>
    <ClCompile Include="States\CrimeRateUpdate.cpp">
      <Filter>Source Files\States</Filter>
    </ClCompile>
    <ClCompile Include="States\CrimeExecution.cpp">
      <Filter>Source Files\States</Filter>
    </ClCompile>
    <ClCompile Include="Population\PopulationTable.cpp">
      <Filter>Source Files\Population</Filter>
    </ClCompile>
    <ClCompile Include="Technology\Technology.cpp">
      <Filter>Source Files\Technology</Filter>
    </ClCompile>
    <ClCompile Include="Technology\TechnologyReader.cpp">
      <Filter>Source Files\Technology</Filter>
    </ClCompile>
  </ItemGroup>
  <ItemGroup>
    <ClInclude Include="Cache.h">
      <Filter>Header Files</Filter>
    </ClInclude>
    <ClInclude Include="Common.h">
      <Filter>Header Files</Filter>
    </ClInclude>
    <ClInclude Include="Mine.h">
      <Filter>Header Files</Filter>
    </ClInclude>
    <ClInclude Include="RobotPool.h">
      <Filter>Header Files</Filter>
    </ClInclude>
    <ClInclude Include="StructureManager.h">
      <Filter>Header Files</Filter>
    </ClInclude>
    <ClInclude Include="Things\Thing.h">
      <Filter>Header Files\Things</Filter>
    </ClInclude>
    <ClInclude Include="Things\Robots\Robodigger.h">
      <Filter>Header Files\Things\Robots</Filter>
    </ClInclude>
    <ClInclude Include="Things\Robots\Robodozer.h">
      <Filter>Header Files\Things\Robots</Filter>
    </ClInclude>
    <ClInclude Include="Things\Robots\Robominer.h">
      <Filter>Header Files\Things\Robots</Filter>
    </ClInclude>
    <ClInclude Include="Things\Robots\Robot.h">
      <Filter>Header Files\Things\Robots</Filter>
    </ClInclude>
    <ClInclude Include="Things\Robots\Robots.h">
      <Filter>Header Files\Things\Robots</Filter>
    </ClInclude>
    <ClInclude Include="Things\Structures\AirShaft.h">
      <Filter>Header Files\Things\Structures</Filter>
    </ClInclude>
    <ClInclude Include="Things\Structures\CommandCenter.h">
      <Filter>Header Files\Things\Structures</Filter>
    </ClInclude>
    <ClInclude Include="Things\Structures\MineFacility.h">
      <Filter>Header Files\Things\Structures</Filter>
    </ClInclude>
    <ClInclude Include="Things\Structures\SeedFactory.h">
      <Filter>Header Files\Things\Structures</Filter>
    </ClInclude>
    <ClInclude Include="Things\Structures\SeedLander.h">
      <Filter>Header Files\Things\Structures</Filter>
    </ClInclude>
    <ClInclude Include="Things\Structures\SeedPower.h">
      <Filter>Header Files\Things\Structures</Filter>
    </ClInclude>
    <ClInclude Include="Things\Structures\SeedSmelter.h">
      <Filter>Header Files\Things\Structures</Filter>
    </ClInclude>
    <ClInclude Include="Things\Structures\Structure.h">
      <Filter>Header Files\Things\Structures</Filter>
    </ClInclude>
    <ClInclude Include="Things\Structures\Structures.h">
      <Filter>Header Files\Things\Structures</Filter>
    </ClInclude>
    <ClInclude Include="UI\DetailMap.h">
      <Filter>Header Files\UI</Filter>
    </ClInclude>
    <ClInclude Include="UI\DiggerDirection.h">
      <Filter>Header Files\UI</Filter>
    </ClInclude>
    <ClInclude Include="UI\TileInspector.h">
      <Filter>Header Files\UI</Filter>
    </ClInclude>
    <ClInclude Include="UI\Core\Button.h">
      <Filter>Header Files\UI\Core</Filter>
    </ClInclude>
    <ClInclude Include="UI\Core\Control.h">
      <Filter>Header Files\UI\Core</Filter>
    </ClInclude>
    <ClInclude Include="UI\Core\UIContainer.h">
      <Filter>Header Files\UI\Core</Filter>
    </ClInclude>
    <ClInclude Include="resource.h">
      <Filter>Resource Files</Filter>
    </ClInclude>
    <ClInclude Include="GraphWalker.h">
      <Filter>Header Files</Filter>
    </ClInclude>
    <ClInclude Include="Things\Structures\Agridome.h">
      <Filter>Header Files\Things\Structures</Filter>
    </ClInclude>
    <ClInclude Include="Things\Structures\CHAP.h">
      <Filter>Header Files\Things\Structures</Filter>
    </ClInclude>
    <ClInclude Include="Things\Structures\Factory.h">
      <Filter>Header Files\Things\Structures</Filter>
    </ClInclude>
    <ClInclude Include="States\PlanetSelectState.h">
      <Filter>Header Files\States</Filter>
    </ClInclude>
    <ClInclude Include="Things\Structures\Tube.h">
      <Filter>Header Files\Things\Structures</Filter>
    </ClInclude>
    <ClInclude Include="UI\Core\TextField.h">
      <Filter>Header Files\UI\Core</Filter>
    </ClInclude>
    <ClInclude Include="UI\FactoryProduction.h">
      <Filter>Header Files\UI</Filter>
    </ClInclude>
    <ClInclude Include="States\Planet.h">
      <Filter>Header Files\States</Filter>
    </ClInclude>
    <ClInclude Include="Constants\Numbers.h">
      <Filter>Header Files\Constants</Filter>
    </ClInclude>
    <ClInclude Include="Constants\Strings.h">
      <Filter>Header Files\Constants</Filter>
    </ClInclude>
    <ClInclude Include="Constants\UiConstants.h">
      <Filter>Header Files\Constants</Filter>
    </ClInclude>
    <ClInclude Include="UI\IconGrid.h">
      <Filter>Header Files\UI</Filter>
    </ClInclude>
    <ClInclude Include="Things\Structures\StorageTanks.h">
      <Filter>Header Files\Things\Structures</Filter>
    </ClInclude>
    <ClInclude Include="Things\Structures\Residence.h">
      <Filter>Header Files\Things\Structures</Filter>
    </ClInclude>
    <ClInclude Include="Things\Structures\MineShaft.h">
      <Filter>Header Files\Things\Structures</Filter>
    </ClInclude>
    <ClInclude Include="UI\StructureInspector.h">
      <Filter>Header Files\UI</Filter>
    </ClInclude>
    <ClInclude Include="States\SplashState.h">
      <Filter>Header Files\States</Filter>
    </ClInclude>
    <ClInclude Include="Things\Structures\FusionReactor.h">
      <Filter>Header Files\Things\Structures</Filter>
    </ClInclude>
    <ClInclude Include="UI\Core\TextArea.h">
      <Filter>Header Files\UI\Core</Filter>
    </ClInclude>
    <ClInclude Include="Things\Structures\Smelter.h">
      <Filter>Header Files\Things\Structures</Filter>
    </ClInclude>
    <ClInclude Include="Things\Structures\UndergroundFactory.h">
      <Filter>Header Files\Things\Structures</Filter>
    </ClInclude>
    <ClInclude Include="Things\Structures\Park.h">
      <Filter>Header Files\Things\Structures</Filter>
    </ClInclude>
    <ClInclude Include="Things\Structures\SolarPlant.h">
      <Filter>Header Files\Things\Structures</Filter>
    </ClInclude>
    <ClInclude Include="UI\Core\Window.h">
      <Filter>Header Files\UI\Core</Filter>
    </ClInclude>
    <ClInclude Include="UI\Core\WindowStack.h">
      <Filter>Header Files\UI\Core</Filter>
    </ClInclude>
    <ClInclude Include="Things\Structures\RobotCommand.h">
      <Filter>Header Files\Things\Structures</Filter>
    </ClInclude>
    <ClInclude Include="Things\Structures\Warehouse.h">
      <Filter>Header Files\Things\Structures</Filter>
    </ClInclude>
    <ClInclude Include="Things\Structures\Laboratory.h">
      <Filter>Header Files\Things\Structures</Filter>
    </ClInclude>
    <ClInclude Include="Things\Structures\RecreationCenter.h">
      <Filter>Header Files\Things\Structures</Filter>
    </ClInclude>
    <ClInclude Include="Things\Structures\Commercial.h">
      <Filter>Header Files\Things\Structures</Filter>
    </ClInclude>
    <ClInclude Include="Things\Structures\RedLightDistrict.h">
      <Filter>Header Files\Things\Structures</Filter>
    </ClInclude>
    <ClInclude Include="Things\Structures\University.h">
      <Filter>Header Files\Things\Structures</Filter>
    </ClInclude>
    <ClInclude Include="Population\Population.h">
      <Filter>Header Files\Population</Filter>
    </ClInclude>
    <ClInclude Include="Map\MapCoordinate.h">
      <Filter>Header Files\Map</Filter>
    </ClInclude>
    <ClInclude Include="Map\MapView.h">
      <Filter>Header Files\Map</Filter>
    </ClInclude>
    <ClInclude Include="Map\Tile.h">
      <Filter>Header Files\Map</Filter>
    </ClInclude>
    <ClInclude Include="Map\TileMap.h">
      <Filter>Header Files\Map</Filter>
    </ClInclude>
    <ClInclude Include="UI\PopulationPanel.h">
      <Filter>Header Files\UI</Filter>
    </ClInclude>
    <ClInclude Include="Things\Structures\ColonistLander.h">
      <Filter>Header Files\Things\Structures</Filter>
    </ClInclude>
    <ClInclude Include="UI\GameOverDialog.h">
      <Filter>Header Files\UI</Filter>
    </ClInclude>
    <ClInclude Include="UI\MajorEventAnnouncement.h">
      <Filter>Header Files\UI</Filter>
    </ClInclude>
    <ClInclude Include="UI\MessageBox.h">
      <Filter>Header Files\UI</Filter>
    </ClInclude>
    <ClInclude Include="UI\FileIo.h">
      <Filter>Header Files\UI</Filter>
    </ClInclude>
    <ClInclude Include="UI\GameOptionsDialog.h">
      <Filter>Header Files\UI</Filter>
    </ClInclude>
    <ClInclude Include="Things\Structures\MedicalCenter.h">
      <Filter>Header Files\Things\Structures</Filter>
    </ClInclude>
    <ClInclude Include="PopulationPool.h">
      <Filter>Header Files</Filter>
    </ClInclude>
    <ClInclude Include="ProductPool.h">
      <Filter>Header Files</Filter>
    </ClInclude>
    <ClInclude Include="StructureCatalogue.h">
      <Filter>Header Files</Filter>
    </ClInclude>
    <ClInclude Include="UI\Core\ScrollBar.h">
      <Filter>Header Files\UI\Core</Filter>
    </ClInclude>
    <ClInclude Include="Population\Morale.h">
      <Filter>Header Files\Population</Filter>
    </ClInclude>
    <ClInclude Include="UI\Core\ListBox.h">
      <Filter>Header Files\UI\Core</Filter>
    </ClInclude>
    <ClInclude Include="Things\Structures\Nursery.h">
      <Filter>Header Files\Things\Structures</Filter>
    </ClInclude>
    <ClInclude Include="Things\Structures\CommTower.h">
      <Filter>Header Files\Things\Structures</Filter>
    </ClInclude>
    <ClInclude Include="Things\Structures\CargoLander.h">
      <Filter>Header Files\Things\Structures</Filter>
    </ClInclude>
    <ClInclude Include="ProductionCost.h">
      <Filter>Header Files</Filter>
    </ClInclude>
    <ClInclude Include="UI\WarehouseInspector.h">
      <Filter>Header Files\UI</Filter>
    </ClInclude>
    <ClInclude Include="States\MainMenuState.h">
      <Filter>Header Files\States</Filter>
    </ClInclude>
    <ClInclude Include="Things\Structures\SolarPanelArray.h">
      <Filter>Header Files\Things\Structures</Filter>
    </ClInclude>
    <ClInclude Include="RobotPoolHelper.h">
      <Filter>Header Files</Filter>
    </ClInclude>
    <ClInclude Include="ShellOpenPath.h">
      <Filter>Header Files</Filter>
    </ClInclude>
    <ClInclude Include="UI\MineOperationsWindow.h">
      <Filter>Header Files\UI</Filter>
    </ClInclude>
    <ClInclude Include="UI\MiniMap.h">
      <Filter>Header Files\UI</Filter>
    </ClInclude>
    <ClInclude Include="UI\NavControl.h">
      <Filter>Header Files\UI</Filter>
    </ClInclude>
    <ClInclude Include="States\Wrapper.h">
      <Filter>Header Files\States</Filter>
    </ClInclude>
    <ClInclude Include="States\MainReportsUiState.h">
      <Filter>Header Files\States</Filter>
    </ClInclude>
    <ClInclude Include="States\MapViewState.h">
      <Filter>Header Files\States</Filter>
    </ClInclude>
    <ClInclude Include="States\MapViewStateHelper.h">
      <Filter>Header Files\States</Filter>
    </ClInclude>
    <ClInclude Include="States\GameState.h">
      <Filter>Header Files\States</Filter>
    </ClInclude>
    <ClInclude Include="UI\Core\ComboBox.h">
      <Filter>Header Files\UI\Core</Filter>
    </ClInclude>
    <ClInclude Include="UI\Reports\FactoryReport.h">
      <Filter>Header Files\UI\Reports</Filter>
    </ClInclude>
    <ClInclude Include="Things\Structures\SurfaceFactory.h">
      <Filter>Header Files\Things\Structures</Filter>
    </ClInclude>
    <ClInclude Include="UI\Core\CheckBox.h">
      <Filter>Header Files\UI\Core</Filter>
    </ClInclude>
    <ClInclude Include="UI\Core\ListBoxBase.h">
      <Filter>Header Files\UI\Core</Filter>
    </ClInclude>
    <ClInclude Include="UI\Reports\WarehouseReport.h">
      <Filter>Header Files\UI\Reports</Filter>
    </ClInclude>
    <ClInclude Include="UI\Reports\ReportInterface.h">
      <Filter>Header Files\UI\Reports</Filter>
    </ClInclude>
    <ClInclude Include="UI\FactoryListBox.h">
      <Filter>Header Files\UI\SpecializedListBox</Filter>
    </ClInclude>
    <ClInclude Include="UI\StructureListBox.h">
      <Filter>Header Files\UI\SpecializedListBox</Filter>
    </ClInclude>
    <ClInclude Include="UI\ProductListBox.h">
      <Filter>Header Files\UI\SpecializedListBox</Filter>
    </ClInclude>
    <ClInclude Include="UI\ResourceBreakdownPanel.h">
      <Filter>Header Files\UI</Filter>
    </ClInclude>
    <ClInclude Include="UI\ResourceInfoBar.h">
      <Filter>Header Files\UI</Filter>
    </ClInclude>
    <ClInclude Include="UI\RobotDeploymentSummary.h">
      <Filter>Header Files\UI</Filter>
    </ClInclude>
    <ClInclude Include="MicroPather\micropather.h">
      <Filter>Header Files\MicroPather</Filter>
    </ClInclude>
    <ClInclude Include="UI\Core\Label.h">
      <Filter>Header Files\UI\Core</Filter>
    </ClInclude>
    <ClInclude Include="UI\Core\RadioButtonGroup.h">
      <Filter>Header Files\UI\Core</Filter>
    </ClInclude>
    <ClInclude Include="Things\Structures\SurfacePolice.h">
      <Filter>Header Files\Things\Structures</Filter>
    </ClInclude>
    <ClInclude Include="Things\Structures\UndergroundPolice.h">
      <Filter>Header Files\Things\Structures</Filter>
    </ClInclude>
    <ClInclude Include="UI\TextRender.h">
      <Filter>Header Files\UI</Filter>
    </ClInclude>
    <ClInclude Include="UI\StringTable.h">
      <Filter>Header Files\UI</Filter>
    </ClInclude>
    <ClInclude Include="Things\Structures\PowerStructure.h">
      <Filter>Header Files\Things\Structures</Filter>
    </ClInclude>
    <ClInclude Include="States\Route.h">
      <Filter>Header Files\States</Filter>
    </ClInclude>
    <ClInclude Include="StorableResources.h">
      <Filter>Header Files</Filter>
    </ClInclude>
    <ClInclude Include="Things\Structures\FoodProduction.h">
      <Filter>Header Files\Things\Structures</Filter>
    </ClInclude>
    <ClInclude Include="IOHelper.h">
      <Filter>Header Files</Filter>
    </ClInclude>
    <ClInclude Include="Things\Structures\OreRefining.h">
      <Filter>Header Files\Things\Structures</Filter>
    </ClInclude>
    <ClInclude Include="UI\Core\TextControl.h">
      <Filter>Header Files\UI\Core</Filter>
    </ClInclude>
    <ClInclude Include="Things\Structures\Road.h">
      <Filter>Header Files\Things\Structures</Filter>
    </ClInclude>
    <ClInclude Include="UI\Reports\MineReport.h">
      <Filter>Header Files\UI\Reports</Filter>
    </ClInclude>
    <ClInclude Include="Things\Structures\Recycling.h">
      <Filter>Header Files\Things\Structures</Filter>
    </ClInclude>
    <ClInclude Include="UI\Core\ToolTip.h">
      <Filter>Header Files\UI\Core</Filter>
    </ClInclude>
    <ClInclude Include="UI\RobotInspector.h">
      <Filter>Header Files\UI</Filter>
    </ClInclude>
    <ClInclude Include="XmlSerializer.h">
      <Filter>Header Files</Filter>
    </ClInclude>
    <ClInclude Include="UI\NotificationArea.h">
      <Filter>Header Files\UI</Filter>
    </ClInclude>
    <ClInclude Include="UI\NotificationWindow.h">
      <Filter>Header Files\UI</Filter>
    </ClInclude>
    <ClInclude Include="States\CrimeRateUpdate.h">
      <Filter>Header Files\States</Filter>
    </ClInclude>
    <ClInclude Include="Things\Structures\HotLaboratory.h">
      <Filter>Header Files\Things\Structures</Filter>
    </ClInclude>
    <ClInclude Include="States\CrimeExecution.h">
      <Filter>Header Files\States</Filter>
    </ClInclude>
    <ClInclude Include="RandomNumberGenerator.h">
      <Filter>Header Files</Filter>
    </ClInclude>
    <ClInclude Include="Things\Structures\MaintenanceFacility.h">
      <Filter>Header Files\Things\Structures</Filter>
    </ClInclude>
    <ClInclude Include="Population\PopulationTable.h">
      <Filter>Header Files\Population</Filter>
    </ClInclude>
    <ClInclude Include="Technology\Technology.h">
      <Filter>Header Files\Technology</Filter>
    </ClInclude>
    <ClInclude Include="Technology\TechnologyReader.h">
      <Filter>Header Files\Technology</Filter>
    </ClInclude>
  </ItemGroup>
  <ItemGroup>
    <ResourceCompile Include="ophd.rc">
      <Filter>Resource Files</Filter>
    </ResourceCompile>
  </ItemGroup>
  <ItemGroup>
    <Image Include="outpost.ico">
      <Filter>Resource Files</Filter>
    </Image>
  </ItemGroup>
</Project>