
Microsoft Visual Studio Solution File, Format Version 12.00
# Visual Studio Version 17
VisualStudioVersion = 17.5.33414.496
MinimumVisualStudioVersion = 10.0.40219.1
Project("{8BC9CEB8-8B4A-11D0-8D11-00A0C91BC942}") = "OPHD", "OPHD\ophd.vcxproj", "{230AB062-FDCA-4D56-A781-0D3B9E8AE310}"
	ProjectSection(ProjectDependencies) = postProject
		{3350562D-6204-42FC-898A-C85FD62E04E8} = {3350562D-6204-42FC-898A-C85FD62E04E8}
		{98C10163-D69F-4A70-A56F-FA8C41BE1D95} = {98C10163-D69F-4A70-A56F-FA8C41BE1D95}
	EndProjectSection
EndProject
Project("{8BC9CEB8-8B4A-11D0-8D11-00A0C91BC942}") = "NAS2D", "nas2d-core\NAS2D\NAS2D.vcxproj", "{3350562D-6204-42FC-898A-C85FD62E04E8}"
EndProject
Project("{8BC9CEB8-8B4A-11D0-8D11-00A0C91BC942}") = "libControls", "libControls\libControls.vcxproj", "{A6C25675-5E50-4BDF-9A05-25FC7C448713}"
EndProject
Project("{8BC9CEB8-8B4A-11D0-8D11-00A0C91BC942}") = "libOPHD", "libOPHD\libOPHD.vcxproj", "{98C10163-D69F-4A70-A56F-FA8C41BE1D95}"
EndProject
Project("{8BC9CEB8-8B4A-11D0-8D11-00A0C91BC942}") = "testLibOPHD", "testLibOPHD\testLibOPHD.vcxproj", "{29170E23-7782-4D14-81DC-5A0B6BA5E0E3}"
EndProject
Project("{8BC9CEB8-8B4A-11D0-8D11-00A0C91BC942}") = "testLibControls", "testLibControls\testLibControls.vcxproj", "{352C8742-8775-4C25-A32C-EF1C7AF06370}"
EndProject
Project("{8BC9CEB8-8B4A-11D0-8D11-00A0C91BC942}") = "demoLibControls", "demoLibControls\demoLibControls.vcxproj", "{9DD61223-F1E9-4A4E-87E6-5F4EDDD91266}"
EndProject
Global
	GlobalSection(SolutionConfigurationPlatforms) = preSolution
		Debug|x64 = Debug|x64
		Debug|x86 = Debug|x86
		Release|x64 = Release|x64
		Release|x86 = Release|x86
	EndGlobalSection
	GlobalSection(ProjectConfigurationPlatforms) = postSolution
		{230AB062-FDCA-4D56-A781-0D3B9E8AE310}.Debug|x64.ActiveCfg = Debug|x64
		{230AB062-FDCA-4D56-A781-0D3B9E8AE310}.Debug|x64.Build.0 = Debug|x64
		{230AB062-FDCA-4D56-A781-0D3B9E8AE310}.Debug|x86.ActiveCfg = Debug|Win32
		{230AB062-FDCA-4D56-A781-0D3B9E8AE310}.Debug|x86.Build.0 = Debug|Win32
		{230AB062-FDCA-4D56-A781-0D3B9E8AE310}.Release|x64.ActiveCfg = Release|x64
		{230AB062-FDCA-4D56-A781-0D3B9E8AE310}.Release|x64.Build.0 = Release|x64
		{230AB062-FDCA-4D56-A781-0D3B9E8AE310}.Release|x86.ActiveCfg = Release|Win32
		{230AB062-FDCA-4D56-A781-0D3B9E8AE310}.Release|x86.Build.0 = Release|Win32
		{3350562D-6204-42FC-898A-C85FD62E04E8}.Debug|x64.ActiveCfg = Debug|x64
		{3350562D-6204-42FC-898A-C85FD62E04E8}.Debug|x64.Build.0 = Debug|x64
		{3350562D-6204-42FC-898A-C85FD62E04E8}.Debug|x86.ActiveCfg = Debug|Win32
		{3350562D-6204-42FC-898A-C85FD62E04E8}.Debug|x86.Build.0 = Debug|Win32
		{3350562D-6204-42FC-898A-C85FD62E04E8}.Release|x64.ActiveCfg = Release|x64
		{3350562D-6204-42FC-898A-C85FD62E04E8}.Release|x64.Build.0 = Release|x64
		{3350562D-6204-42FC-898A-C85FD62E04E8}.Release|x86.ActiveCfg = Release|Win32
		{3350562D-6204-42FC-898A-C85FD62E04E8}.Release|x86.Build.0 = Release|Win32
		{A6C25675-5E50-4BDF-9A05-25FC7C448713}.Debug|x64.ActiveCfg = Debug|x64
		{A6C25675-5E50-4BDF-9A05-25FC7C448713}.Debug|x64.Build.0 = Debug|x64
		{A6C25675-5E50-4BDF-9A05-25FC7C448713}.Debug|x86.ActiveCfg = Debug|Win32
		{A6C25675-5E50-4BDF-9A05-25FC7C448713}.Debug|x86.Build.0 = Debug|Win32
		{A6C25675-5E50-4BDF-9A05-25FC7C448713}.Release|x64.ActiveCfg = Release|x64
		{A6C25675-5E50-4BDF-9A05-25FC7C448713}.Release|x64.Build.0 = Release|x64
		{A6C25675-5E50-4BDF-9A05-25FC7C448713}.Release|x86.ActiveCfg = Release|Win32
		{A6C25675-5E50-4BDF-9A05-25FC7C448713}.Release|x86.Build.0 = Release|Win32
		{98C10163-D69F-4A70-A56F-FA8C41BE1D95}.Debug|x64.ActiveCfg = Debug|x64
		{98C10163-D69F-4A70-A56F-FA8C41BE1D95}.Debug|x64.Build.0 = Debug|x64
		{98C10163-D69F-4A70-A56F-FA8C41BE1D95}.Debug|x86.ActiveCfg = Debug|Win32
		{98C10163-D69F-4A70-A56F-FA8C41BE1D95}.Debug|x86.Build.0 = Debug|Win32
		{98C10163-D69F-4A70-A56F-FA8C41BE1D95}.Release|x64.ActiveCfg = Release|x64
		{98C10163-D69F-4A70-A56F-FA8C41BE1D95}.Release|x64.Build.0 = Release|x64
		{98C10163-D69F-4A70-A56F-FA8C41BE1D95}.Release|x86.ActiveCfg = Release|Win32
		{98C10163-D69F-4A70-A56F-FA8C41BE1D95}.Release|x86.Build.0 = Release|Win32
		{29170E23-7782-4D14-81DC-5A0B6BA5E0E3}.Debug|x64.ActiveCfg = Debug|x64
		{29170E23-7782-4D14-81DC-5A0B6BA5E0E3}.Debug|x64.Build.0 = Debug|x64
		{29170E23-7782-4D14-81DC-5A0B6BA5E0E3}.Debug|x86.ActiveCfg = Debug|Win32
		{29170E23-7782-4D14-81DC-5A0B6BA5E0E3}.Debug|x86.Build.0 = Debug|Win32
		{29170E23-7782-4D14-81DC-5A0B6BA5E0E3}.Release|x64.ActiveCfg = Release|x64
		{29170E23-7782-4D14-81DC-5A0B6BA5E0E3}.Release|x64.Build.0 = Release|x64
		{29170E23-7782-4D14-81DC-5A0B6BA5E0E3}.Release|x86.ActiveCfg = Release|Win32
		{29170E23-7782-4D14-81DC-5A0B6BA5E0E3}.Release|x86.Build.0 = Release|Win32
		{352C8742-8775-4C25-A32C-EF1C7AF06370}.Debug|x64.ActiveCfg = Debug|x64
		{352C8742-8775-4C25-A32C-EF1C7AF06370}.Debug|x64.Build.0 = Debug|x64
		{352C8742-8775-4C25-A32C-EF1C7AF06370}.Debug|x86.ActiveCfg = Debug|Win32
		{352C8742-8775-4C25-A32C-EF1C7AF06370}.Debug|x86.Build.0 = Debug|Win32
		{352C8742-8775-4C25-A32C-EF1C7AF06370}.Release|x64.ActiveCfg = Release|x64
		{352C8742-8775-4C25-A32C-EF1C7AF06370}.Release|x64.Build.0 = Release|x64
		{352C8742-8775-4C25-A32C-EF1C7AF06370}.Release|x86.ActiveCfg = Release|Win32
		{352C8742-8775-4C25-A32C-EF1C7AF06370}.Release|x86.Build.0 = Release|Win32
		{9DD61223-F1E9-4A4E-87E6-5F4EDDD91266}.Debug|x64.ActiveCfg = Debug|x64
		{9DD61223-F1E9-4A4E-87E6-5F4EDDD91266}.Debug|x64.Build.0 = Debug|x64
		{9DD61223-F1E9-4A4E-87E6-5F4EDDD91266}.Debug|x86.ActiveCfg = Debug|Win32
		{9DD61223-F1E9-4A4E-87E6-5F4EDDD91266}.Debug|x86.Build.0 = Debug|Win32
		{9DD61223-F1E9-4A4E-87E6-5F4EDDD91266}.Release|x64.ActiveCfg = Release|x64
		{9DD61223-F1E9-4A4E-87E6-5F4EDDD91266}.Release|x64.Build.0 = Release|x64
		{9DD61223-F1E9-4A4E-87E6-5F4EDDD91266}.Release|x86.ActiveCfg = Release|Win32
		{9DD61223-F1E9-4A4E-87E6-5F4EDDD91266}.Release|x86.Build.0 = Release|Win32
	EndGlobalSection
	GlobalSection(SolutionProperties) = preSolution
		HideSolutionNode = FALSE
	EndGlobalSection
	GlobalSection(ExtensibilityGlobals) = postSolution
		SolutionGuid = {C8973F21-575D-4674-BAEC-88E1B2EC73AD}
	EndGlobalSection
EndGlobal
