<?xml version="1.0" encoding="utf-8"?>
<Project ToolsVersion="4.0" xmlns="http://schemas.microsoft.com/developer/msbuild/2003">
  <ItemGroup>
    <Filter Include="Source Files">
      <UniqueIdentifier>{4FC737F1-C7A5-4376-A066-2A32D752A2FF}</UniqueIdentifier>
      <Extensions>cpp;c;cc;cxx;def;odl;idl;hpj;bat;asm;asmx</Extensions>
    </Filter>
    <Filter Include="Source Files\States">
      <UniqueIdentifier>{4c338eac-6a16-447d-9675-0fb6f6775bda}</UniqueIdentifier>
    </Filter>
    <Filter Include="Source Files\Things">
      <UniqueIdentifier>{52eb17f3-c971-4ead-bf0c-5c4e384abc52}</UniqueIdentifier>
    </Filter>
    <Filter Include="Source Files\Things\Robots">
      <UniqueIdentifier>{131c8505-7c2b-49a2-9a9f-39f18a5b600a}</UniqueIdentifier>
    </Filter>
    <Filter Include="Source Files\Things\Structures">
      <UniqueIdentifier>{4ed844e6-1ccb-4e6f-887c-381f36561c0e}</UniqueIdentifier>
    </Filter>
    <Filter Include="Source Files\UI">
      <UniqueIdentifier>{53be18b8-eaba-46f1-98d9-72eaaeb9c314}</UniqueIdentifier>
    </Filter>
    <Filter Include="Source Files\UI\Core">
      <UniqueIdentifier>{a106ce63-62be-4ae0-956c-53b458bed822}</UniqueIdentifier>
    </Filter>
    <Filter Include="Header Files">
      <UniqueIdentifier>{93995380-89BD-4b04-88EB-625FBE52EBFB}</UniqueIdentifier>
      <Extensions>h;hpp;hxx;hm;inl;inc;xsd</Extensions>
    </Filter>
    <Filter Include="Header Files\States">
      <UniqueIdentifier>{402a383d-3f20-4883-b636-09f71bc952da}</UniqueIdentifier>
    </Filter>
    <Filter Include="Header Files\Things">
      <UniqueIdentifier>{f1567006-6b53-4e9f-a038-9e5e9d444cb3}</UniqueIdentifier>
    </Filter>
    <Filter Include="Header Files\Things\Robots">
      <UniqueIdentifier>{affdff4d-cd8d-452b-b49b-b21fe6e4d487}</UniqueIdentifier>
    </Filter>
    <Filter Include="Header Files\Things\Structures">
      <UniqueIdentifier>{1d0c1304-94ea-4f94-b1e6-439408414946}</UniqueIdentifier>
    </Filter>
    <Filter Include="Header Files\UI">
      <UniqueIdentifier>{7554b729-89ba-4834-bcb5-d29c59f0d91a}</UniqueIdentifier>
    </Filter>
    <Filter Include="Header Files\UI\Core">
      <UniqueIdentifier>{50739b22-ad40-4252-9c5d-4fd92dfa3be7}</UniqueIdentifier>
    </Filter>
    <Filter Include="Resource Files">
      <UniqueIdentifier>{67DA6AB6-F800-4c08-8B7A-83BB121AAD01}</UniqueIdentifier>
      <Extensions>rc;ico;cur;bmp;dlg;rc2;rct;bin;rgs;gif;jpg;jpeg;jpe;resx;tiff;tif;png;wav</Extensions>
    </Filter>
    <Filter Include="Header Files\Constants">
      <UniqueIdentifier>{df1a7586-89dd-467f-b703-58d0b820cd47}</UniqueIdentifier>
    </Filter>
    <Filter Include="Header Files\Population">
      <UniqueIdentifier>{964e7130-2144-43ab-a0c0-ff1f199d1c15}</UniqueIdentifier>
    </Filter>
    <Filter Include="Source Files\Population">
      <UniqueIdentifier>{d903cae4-8bc6-462c-afb0-c731298b8840}</UniqueIdentifier>
    </Filter>
    <Filter Include="Header Files\Map">
      <UniqueIdentifier>{ef0f2f7d-e0aa-47f6-a564-6a2de9a2cef2}</UniqueIdentifier>
    </Filter>
    <Filter Include="Source Files\Map">
      <UniqueIdentifier>{8013e5ff-baf7-4499-bff7-a7e38570a994}</UniqueIdentifier>
    </Filter>
  </ItemGroup>
  <ItemGroup>
    <ClCompile Include="..\..\src\main.cpp">
      <Filter>Source Files</Filter>
    </ClCompile>
    <ClCompile Include="..\..\src\Mine.cpp">
      <Filter>Source Files</Filter>
    </ClCompile>
    <ClCompile Include="..\..\src\StructureManager.cpp">
      <Filter>Source Files</Filter>
    </ClCompile>
    <ClCompile Include="..\..\src\Things\Structures\Structure.cpp">
      <Filter>Source Files\Things\Structures</Filter>
    </ClCompile>
    <ClCompile Include="..\..\src\UI\DiggerDirection.cpp">
      <Filter>Source Files\UI</Filter>
    </ClCompile>
    <ClCompile Include="..\..\src\UI\TileInspector.cpp">
      <Filter>Source Files\UI</Filter>
    </ClCompile>
    <ClCompile Include="..\..\src\UI\Core\Button.cpp">
      <Filter>Source Files\UI\Core</Filter>
    </ClCompile>
    <ClCompile Include="..\..\src\UI\Core\Control.cpp">
      <Filter>Source Files\UI\Core</Filter>
    </ClCompile>
    <ClCompile Include="..\..\src\UI\Core\Menu.cpp">
      <Filter>Source Files\UI\Core</Filter>
    </ClCompile>
    <ClCompile Include="..\..\src\UI\Core\UIContainer.cpp">
      <Filter>Source Files\UI\Core</Filter>
    </ClCompile>
    <ClCompile Include="..\..\src\GraphWalker.cpp">
      <Filter>Source Files</Filter>
    </ClCompile>
    <ClCompile Include="..\..\src\RobotPool.cpp">
      <Filter>Source Files</Filter>
    </ClCompile>
    <ClCompile Include="..\..\src\Things\Robots\Robot.cpp">
      <Filter>Source Files\Things\Robots</Filter>
    </ClCompile>
    <ClCompile Include="..\..\src\Things\Structures\Factory.cpp">
      <Filter>Source Files\Things\Structures</Filter>
    </ClCompile>
    <ClCompile Include="..\..\src\States\PlanetSelectState.cpp">
      <Filter>Source Files\States</Filter>
    </ClCompile>
    <ClCompile Include="..\..\src\States\GameState.cpp">
      <Filter>Source Files\States</Filter>
    </ClCompile>
    <ClCompile Include="..\..\src\States\GameStateUi.cpp">
      <Filter>Source Files\States</Filter>
    </ClCompile>
    <ClCompile Include="..\..\src\UI\Core\TextField.cpp">
      <Filter>Source Files\UI\Core</Filter>
    </ClCompile>
    <ClCompile Include="..\..\src\UI\FactoryProduction.cpp">
      <Filter>Source Files\UI</Filter>
    </ClCompile>
    <ClCompile Include="..\..\src\UI\IconGrid.cpp">
      <Filter>Source Files\UI</Filter>
    </ClCompile>
    <ClCompile Include="..\..\src\States\GameStateHelper.cpp">
      <Filter>Source Files\States</Filter>
    </ClCompile>
    <ClCompile Include="..\..\src\StructureTranslator.cpp">
      <Filter>Source Files</Filter>
    </ClCompile>
    <ClCompile Include="..\..\src\RobotTranslator.cpp">
      <Filter>Source Files</Filter>
    </ClCompile>
    <ClCompile Include="..\..\src\ResourcePool.cpp">
      <Filter>Source Files</Filter>
    </ClCompile>
    <ClCompile Include="..\..\src\AiVoiceNotifier.cpp">
      <Filter>Source Files</Filter>
    </ClCompile>
    <ClCompile Include="..\..\src\ui\StructureInspector.cpp">
      <Filter>Source Files\UI</Filter>
    </ClCompile>
    <ClCompile Include="..\..\src\states\SplashState.cpp">
      <Filter>Source Files\States</Filter>
    </ClCompile>
    <ClCompile Include="..\..\src\UI\Core\TextArea.cpp">
      <Filter>Source Files\UI\Core</Filter>
    </ClCompile>
    <ClCompile Include="..\..\src\UI\Core\Window.cpp">
      <Filter>Source Files\UI\Core</Filter>
    </ClCompile>
    <ClCompile Include="..\..\src\UI\Core\WindowStack.cpp">
      <Filter>Source Files\UI\Core</Filter>
    </ClCompile>
    <ClCompile Include="..\..\src\Population\Population.cpp">
      <Filter>Source Files\Population</Filter>
    </ClCompile>
    <ClCompile Include="..\..\src\Map\Tile.cpp">
      <Filter>Source Files\Map</Filter>
    </ClCompile>
    <ClCompile Include="..\..\src\Map\TileMap.cpp">
      <Filter>Source Files\Map</Filter>
    </ClCompile>
    <ClCompile Include="..\..\src\ui\GameOverDialog.cpp">
      <Filter>Source Files\UI</Filter>
    </ClCompile>
    <ClCompile Include="..\..\src\UI\MajorEventAnnouncement.cpp">
      <Filter>Source Files\UI</Filter>
    </ClCompile>
    <ClCompile Include="..\..\src\ui\FileIo.cpp">
      <Filter>Source Files\UI</Filter>
    </ClCompile>
    <ClCompile Include="..\..\src\UI\GameOptionsDialog.cpp">
      <Filter>Source Files\UI</Filter>
    </ClCompile>
    <ClCompile Include="..\..\src\PopulationPool.cpp">
      <Filter>Source Files</Filter>
    </ClCompile>
    <ClCompile Include="..\..\src\UI\Core\ProgressBar.cpp">
      <Filter>Source Files\UI\Core</Filter>
    </ClCompile>
    <ClCompile Include="..\..\src\StructureCatalogue.cpp">
      <Filter>Source Files</Filter>
    </ClCompile>
    <ClCompile Include="..\..\src\Common.cpp">
      <Filter>Source Files</Filter>
    </ClCompile>
    <ClCompile Include="..\..\src\UI\Core\Slider.cpp">
      <Filter>Source Files\UI\Core</Filter>
    </ClCompile>
  </ItemGroup>
  <ItemGroup>
    <ClInclude Include="..\..\src\Common.h">
      <Filter>Header Files</Filter>
    </ClInclude>
    <ClInclude Include="..\..\src\Mine.h">
      <Filter>Header Files</Filter>
    </ClInclude>
    <ClInclude Include="..\..\src\RobotPool.h">
      <Filter>Header Files</Filter>
    </ClInclude>
    <ClInclude Include="..\..\src\StructureManager.h">
      <Filter>Header Files</Filter>
    </ClInclude>
    <ClInclude Include="..\..\src\Things\Thing.h">
      <Filter>Header Files\Things</Filter>
    </ClInclude>
    <ClInclude Include="..\..\src\Things\Robots\Robodigger.h">
      <Filter>Header Files\Things\Robots</Filter>
    </ClInclude>
    <ClInclude Include="..\..\src\Things\Robots\Robodozer.h">
      <Filter>Header Files\Things\Robots</Filter>
    </ClInclude>
    <ClInclude Include="..\..\src\Things\Robots\Robominer.h">
      <Filter>Header Files\Things\Robots</Filter>
    </ClInclude>
    <ClInclude Include="..\..\src\Things\Robots\Robot.h">
      <Filter>Header Files\Things\Robots</Filter>
    </ClInclude>
    <ClInclude Include="..\..\src\Things\Robots\Robots.h">
      <Filter>Header Files\Things\Robots</Filter>
    </ClInclude>
    <ClInclude Include="..\..\src\Things\Structures\AirShaft.h">
      <Filter>Header Files\Things\Structures</Filter>
    </ClInclude>
    <ClInclude Include="..\..\src\Things\Structures\CommandCenter.h">
      <Filter>Header Files\Things\Structures</Filter>
    </ClInclude>
    <ClInclude Include="..\..\src\Things\Structures\MineFacility.h">
      <Filter>Header Files\Things\Structures</Filter>
    </ClInclude>
    <ClInclude Include="..\..\src\Things\Structures\SeedFactory.h">
      <Filter>Header Files\Things\Structures</Filter>
    </ClInclude>
    <ClInclude Include="..\..\src\Things\Structures\SeedLander.h">
      <Filter>Header Files\Things\Structures</Filter>
    </ClInclude>
    <ClInclude Include="..\..\src\Things\Structures\SeedPower.h">
      <Filter>Header Files\Things\Structures</Filter>
    </ClInclude>
    <ClInclude Include="..\..\src\Things\Structures\SeedSmelter.h">
      <Filter>Header Files\Things\Structures</Filter>
    </ClInclude>
    <ClInclude Include="..\..\src\Things\Structures\Structure.h">
      <Filter>Header Files\Things\Structures</Filter>
    </ClInclude>
    <ClInclude Include="..\..\src\Things\Structures\Structures.h">
      <Filter>Header Files\Things\Structures</Filter>
    </ClInclude>
    <ClInclude Include="..\..\src\UI\DiggerDirection.h">
      <Filter>Header Files\UI</Filter>
    </ClInclude>
    <ClInclude Include="..\..\src\UI\TileInspector.h">
      <Filter>Header Files\UI</Filter>
    </ClInclude>
    <ClInclude Include="..\..\src\UI\UI.h">
      <Filter>Header Files\UI</Filter>
    </ClInclude>
    <ClInclude Include="..\..\src\UI\Core\Button.h">
      <Filter>Header Files\UI\Core</Filter>
    </ClInclude>
    <ClInclude Include="..\..\src\UI\Core\Control.h">
      <Filter>Header Files\UI\Core</Filter>
    </ClInclude>
    <ClInclude Include="..\..\src\UI\Core\Menu.h">
      <Filter>Header Files\UI\Core</Filter>
    </ClInclude>
    <ClInclude Include="..\..\src\UI\Core\Pointer.h">
      <Filter>Header Files\UI\Core</Filter>
    </ClInclude>
    <ClInclude Include="..\..\src\UI\Core\UIContainer.h">
      <Filter>Header Files\UI\Core</Filter>
    </ClInclude>
    <ClInclude Include="resource.h">
      <Filter>Resource Files</Filter>
    </ClInclude>
    <ClInclude Include="..\..\src\GraphWalker.h">
      <Filter>Header Files</Filter>
    </ClInclude>
    <ClInclude Include="..\..\src\Things\Structures\Agridome.h">
      <Filter>Header Files\Things\Structures</Filter>
    </ClInclude>
    <ClInclude Include="..\..\src\Things\Structures\CHAP.h">
      <Filter>Header Files\Things\Structures</Filter>
    </ClInclude>
    <ClInclude Include="..\..\src\Things\Structures\Factory.h">
      <Filter>Header Files\Things\Structures</Filter>
    </ClInclude>
    <ClInclude Include="..\..\src\States\PlanetSelectState.h">
      <Filter>Header Files\States</Filter>
    </ClInclude>
    <ClInclude Include="..\..\src\States\GameState.h">
      <Filter>Header Files\States</Filter>
    </ClInclude>
    <ClInclude Include="..\..\src\Things\Structures\Tube.h">
      <Filter>Header Files\Things\Structures</Filter>
    </ClInclude>
    <ClInclude Include="..\..\src\UI\Core\TextField.h">
      <Filter>Header Files\UI\Core</Filter>
    </ClInclude>
    <ClInclude Include="..\..\src\UI\FactoryProduction.h">
      <Filter>Header Files\UI</Filter>
    </ClInclude>
    <ClInclude Include="..\..\src\States\Planet.h">
      <Filter>Header Files\States</Filter>
    </ClInclude>
    <ClInclude Include="..\..\src\Constants.h">
      <Filter>Header Files</Filter>
    </ClInclude>
    <ClInclude Include="..\..\src\Constants\Numbers.h">
      <Filter>Header Files\Constants</Filter>
    </ClInclude>
    <ClInclude Include="..\..\src\Constants\Strings.h">
      <Filter>Header Files\Constants</Filter>
    </ClInclude>
    <ClInclude Include="..\..\src\Constants\UiConstants.h">
      <Filter>Header Files\Constants</Filter>
    </ClInclude>
    <ClInclude Include="..\..\src\UI\IconGrid.h">
      <Filter>Header Files\UI</Filter>
    </ClInclude>
    <ClInclude Include="..\..\src\States\GameStateHelper.h">
      <Filter>Header Files\States</Filter>
    </ClInclude>
    <ClInclude Include="..\..\src\StructureTranslator.h">
      <Filter>Header Files</Filter>
    </ClInclude>
    <ClInclude Include="..\..\src\RobotTranslator.h">
      <Filter>Header Files</Filter>
    </ClInclude>
    <ClInclude Include="..\..\src\ResourcePool.h">
      <Filter>Header Files</Filter>
    </ClInclude>
    <ClInclude Include="..\..\src\things\structures\StorageTanks.h">
      <Filter>Header Files\Things\Structures</Filter>
    </ClInclude>
    <ClInclude Include="..\..\src\Things\Structures\Residence.h">
      <Filter>Header Files\Things\Structures</Filter>
    </ClInclude>
    <ClInclude Include="..\..\src\Things\Structures\MineShaft.h">
      <Filter>Header Files\Things\Structures</Filter>
    </ClInclude>
    <ClInclude Include="..\..\src\AiVoiceNotifier.h">
      <Filter>Header Files</Filter>
    </ClInclude>
    <ClInclude Include="..\..\src\ui\StructureInspector.h">
      <Filter>Header Files\UI</Filter>
    </ClInclude>
    <ClInclude Include="..\..\src\states\SplashState.h">
      <Filter>Header Files\States</Filter>
    </ClInclude>
    <ClInclude Include="..\..\src\Things\Structures\FusionReactor.h">
      <Filter>Header Files\Things\Structures</Filter>
    </ClInclude>
    <ClInclude Include="..\..\src\UI\Core\TextArea.h">
      <Filter>Header Files\UI\Core</Filter>
    </ClInclude>
    <ClInclude Include="..\..\src\Things\Structures\Smelter.h">
      <Filter>Header Files\Things\Structures</Filter>
    </ClInclude>
    <ClInclude Include="..\..\src\Things\Structures\UndergroundFactory.h">
      <Filter>Header Files\Things\Structures</Filter>
    </ClInclude>
    <ClInclude Include="..\..\src\Things\Structures\Park.h">
      <Filter>Header Files\Things\Structures</Filter>
    </ClInclude>
    <ClInclude Include="..\..\src\Things\Structures\SolarPlant.h">
      <Filter>Header Files\Things\Structures</Filter>
    </ClInclude>
    <ClInclude Include="..\..\src\Things\Structures\Police.h">
      <Filter>Header Files\Things\Structures</Filter>
    </ClInclude>
    <ClInclude Include="..\..\src\UI\Core\Window.h">
      <Filter>Header Files\UI\Core</Filter>
    </ClInclude>
    <ClInclude Include="..\..\src\UI\Core\WindowStack.h">
      <Filter>Header Files\UI\Core</Filter>
    </ClInclude>
    <ClInclude Include="..\..\src\Things\Structures\RobotCommand.h">
      <Filter>Header Files\Things\Structures</Filter>
    </ClInclude>
    <ClInclude Include="..\..\src\Things\Structures\Warehouse.h">
      <Filter>Header Files\Things\Structures</Filter>
    </ClInclude>
    <ClInclude Include="..\..\src\Things\Structures\Laboratory.h">
      <Filter>Header Files\Things\Structures</Filter>
    </ClInclude>
    <ClInclude Include="..\..\src\Things\Structures\RecreationCenter.h">
      <Filter>Header Files\Things\Structures</Filter>
    </ClInclude>
    <ClInclude Include="..\..\src\Things\Structures\Commercial.h">
      <Filter>Header Files\Things\Structures</Filter>
    </ClInclude>
    <ClInclude Include="..\..\src\Things\Structures\RedLightDistrict.h">
      <Filter>Header Files\Things\Structures</Filter>
    </ClInclude>
    <ClInclude Include="..\..\src\Things\Structures\University.h">
      <Filter>Header Files\Things\Structures</Filter>
    </ClInclude>
    <ClInclude Include="..\..\src\Population\Person.h">
      <Filter>Header Files\Population</Filter>
    </ClInclude>
    <ClInclude Include="..\..\src\Population\Population.h">
      <Filter>Header Files\Population</Filter>
    </ClInclude>
    <ClInclude Include="..\..\src\Map\Tile.h">
      <Filter>Header Files\Map</Filter>
    </ClInclude>
    <ClInclude Include="..\..\src\Map\TileMap.h">
      <Filter>Header Files\Map</Filter>
    </ClInclude>
    <ClInclude Include="..\..\src\Ui\PopulationPanel.h">
      <Filter>Header Files\UI</Filter>
    </ClInclude>
    <ClInclude Include="..\..\src\Things\Structures\ColonistLander.h">
      <Filter>Header Files\Things\Structures</Filter>
    </ClInclude>
    <ClInclude Include="..\..\src\ui\GameOverDialog.h">
      <Filter>Header Files\UI</Filter>
    </ClInclude>
    <ClInclude Include="..\..\src\UI\MajorEventAnnouncement.h">
      <Filter>Header Files\UI</Filter>
    </ClInclude>
    <ClInclude Include="..\..\src\ui\FileIo.h">
      <Filter>Header Files\UI</Filter>
    </ClInclude>
    <ClInclude Include="..\..\src\ui\Gui.h">
      <Filter>Header Files\UI</Filter>
    </ClInclude>
    <ClInclude Include="..\..\src\UI\GameOptionsDialog.h">
      <Filter>Header Files\UI</Filter>
    </ClInclude>
    <ClInclude Include="..\..\src\Things\Structures\MedicalCenter.h">
      <Filter>Header Files\Things\Structures</Filter>
    </ClInclude>
    <ClInclude Include="..\..\src\PopulationPool.h">
      <Filter>Header Files</Filter>
    </ClInclude>
    <ClInclude Include="..\..\src\ProductPool.h">
      <Filter>Header Files</Filter>
    </ClInclude>
    <ClInclude Include="..\..\src\UI\Core\ProgressBar.h">
      <Filter>Header Files\UI\Core</Filter>
    </ClInclude>
    <ClInclude Include="..\..\src\StructureCatalogue.h">
      <Filter>Header Files</Filter>
    </ClInclude>
    <ClInclude Include="..\..\src\UI\Core\Slider.h">
      <Filter>Header Files\UI\Core</Filter>
    </ClInclude>
  </ItemGroup>
  <ItemGroup>
    <ResourceCompile Include="ophd.rc">
      <Filter>Resource Files</Filter>
    </ResourceCompile>
  </ItemGroup>
  <ItemGroup>
    <Image Include="outpost.ico">
      <Filter>Resource Files</Filter>
    </Image>
  </ItemGroup>
</Project>