<?xml version="1.0" encoding="utf-8"?>
<Project ToolsVersion="4.0" xmlns="http://schemas.microsoft.com/developer/msbuild/2003">
  <ItemGroup>
    <Filter Include="Source Files">
      <UniqueIdentifier>{4FC737F1-C7A5-4376-A066-2A32D752A2FF}</UniqueIdentifier>
      <Extensions>cpp;c;cc;cxx;c++;cppm;ixx;def;odl;idl;hpj;bat;asm;asmx</Extensions>
    </Filter>
    <Filter Include="Header Files">
      <UniqueIdentifier>{93995380-89BD-4b04-88EB-625FBE52EBFB}</UniqueIdentifier>
      <Extensions>h;hh;hpp;hxx;h++;hm;inl;inc;ipp;xsd</Extensions>
    </Filter>
    <Filter Include="Resource Files">
      <UniqueIdentifier>{67DA6AB6-F800-4c08-8B7A-83BB121AAD01}</UniqueIdentifier>
      <Extensions>rc;ico;cur;bmp;dlg;rc2;rct;bin;rgs;gif;jpg;jpeg;jpe;resx;tiff;tif;png;wav;mfcribbon-ms</Extensions>
    </Filter>
    <Filter Include="Source Files\Map">
      <UniqueIdentifier>{a106ce63-62be-4ae0-956c-53b458bed822}</UniqueIdentifier>
    </Filter>
    <Filter Include="Source Files\Population">
      <UniqueIdentifier>{d903cae4-8bc6-462c-afb0-c731298b8840}</UniqueIdentifier>
    </Filter>
    <Filter Include="Source Files\Technology">
      <UniqueIdentifier>{f03fdd93-09f6-4050-a5df-18305b27811d}</UniqueIdentifier>
    </Filter>
    <Filter Include="Header Files\Map">
      <UniqueIdentifier>{402a7397-db9d-4c85-9cde-d12b218e5932}</UniqueIdentifier>
    </Filter>
    <Filter Include="Header Files\Population">
      <UniqueIdentifier>{964e7130-2144-43ab-a0c0-ff1f199d1c15}</UniqueIdentifier>
    </Filter>
    <Filter Include="Header Files\Technology">
      <UniqueIdentifier>{9d60dddd-887a-4c9d-9a55-97884aedd298}</UniqueIdentifier>
    </Filter>
  </ItemGroup>
  <ItemGroup>
    <ClCompile Include="DirectionOffset.cpp">
      <Filter>Source Files</Filter>
    </ClCompile>
    <ClCompile Include="MeanSolarDistance.cpp">
      <Filter>Source Files</Filter>
    </ClCompile>
    <ClCompile Include="PlanetAttributes.cpp">
      <Filter>Source Files</Filter>
    </ClCompile>
    <ClCompile Include="ProductCatalog.cpp">
      <Filter>Source Files</Filter>
    </ClCompile>
    <ClCompile Include="StorableResources.cpp">
      <Filter>Source Files</Filter>
    </ClCompile>
    <ClCompile Include="XmlSerializer.cpp">
      <Filter>Source Files</Filter>
    </ClCompile>
    <ClCompile Include="Map\MapCoordinate.cpp">
      <Filter>Source Files\Map</Filter>
    </ClCompile>
    <ClCompile Include="MapObjects\MapObject.cpp">
      <Filter>Source Files</Filter>
    </ClCompile>
    <ClCompile Include="MapObjects\OreDeposit.cpp">
      <Filter>Source Files\MapObjects</Filter>
    </ClCompile>
    <ClCompile Include="Population\Morale.cpp">
      <Filter>Source Files</Filter>
    </ClCompile>
    <ClCompile Include="Population\PopulationModel.cpp">
      <Filter>Source Files\Population</Filter>
    </ClCompile>
    <ClCompile Include="Population\PopulationPool.cpp">
      <Filter>Source Files\Population</Filter>
    </ClCompile>
    <ClCompile Include="Population\PopulationTable.cpp">
      <Filter>Source Files\Population</Filter>
    </ClCompile>
    <ClCompile Include="Technology\ResearchTracker.cpp">
      <Filter>Source Files\Technology</Filter>
    </ClCompile>
    <ClCompile Include="Technology\TechnologyCatalog.cpp">
      <Filter>Source Files\Technology</Filter>
    </ClCompile>
  </ItemGroup>
  <ItemGroup>
    <ClInclude Include="DirectionOffset.h">
      <Filter>Header Files</Filter>
    </ClInclude>
    <ClInclude Include="EnumConnectorDir.h">
      <Filter>Header Files</Filter>
    </ClInclude>
    <ClInclude Include="EnumDifficulty.h">
      <Filter>Header Files</Filter>
    </ClInclude>
    <ClInclude Include="EnumDirection.h">
      <Filter>Header Files</Filter>
    </ClInclude>
    <ClInclude Include="EnumDisabledReason.h">
      <Filter>Header Files</Filter>
    </ClInclude>
    <ClInclude Include="EnumIdleReason.h">
      <Filter>Header Files</Filter>
    </ClInclude>
    <ClInclude Include="EnumIntegrityLevel.h">
      <Filter>Header Files</Filter>
    </ClInclude>
    <ClInclude Include="EnumOreDepositYield.h">
      <Filter>Header Files</Filter>
    </ClInclude>
    <ClInclude Include="EnumMoraleIndex.h">
      <Filter>Header Files</Filter>
    </ClInclude>
    <ClInclude Include="EnumProductType.h">
      <Filter>Header Files</Filter>
    </ClInclude>
    <ClInclude Include="EnumStructureID.h">
      <Filter>Header Files</Filter>
    </ClInclude>
    <ClInclude Include="EnumTerrainType.h">
      <Filter>Header Files</Filter>
    </ClInclude>
    <ClInclude Include="MeanSolarDistance.h">
      <Filter>Header Files</Filter>
    </ClInclude>
    <ClInclude Include="PlanetAttributes.h">
      <Filter>Header Files</Filter>
    </ClInclude>
    <ClInclude Include="ProductCatalog.h">
      <Filter>Header Files</Filter>
    </ClInclude>
    <ClInclude Include="ProductionCost.h">
      <Filter>Header Files</Filter>
    </ClInclude>
    <ClInclude Include="RandomNumberGenerator.h">
      <Filter>Header Files</Filter>
    </ClInclude>
    <ClInclude Include="StorableResources.h">
      <Filter>Header Files</Filter>
    </ClInclude>
    <ClInclude Include="XmlSerializer.h">
      <Filter>Header Files</Filter>
    </ClInclude>
    <ClInclude Include="Map\MapCoordinate.h">
      <Filter>Header Files\Map</Filter>
    </ClInclude>
    <ClInclude Include="Map\MapOffset.h">
      <Filter>Header Files\Map</Filter>
    </ClInclude>
    <ClInclude Include="MapObjects\MapObject.h">
      <Filter>Header Files\MapObjects</Filter>
    </ClInclude>
    <ClInclude Include="MapObjects\StructureType.h">
      <Filter>Header Files\Map</Filter>
    </ClInclude>
    <ClInclude Include="MapObjects\OreDeposit.h">
      <Filter>Header Files\MapObjects</Filter>
    </ClInclude>
    <ClInclude Include="Population\Morale.h">
      <Filter>Header Files\Population</Filter>
    </ClInclude>
    <ClInclude Include="Population\MoraleChangeEntry.h">
      <Filter>Header Files\Population</Filter>
    </ClInclude>
    <ClInclude Include="Population\PopulationModel.h">
      <Filter>Header Files\Population</Filter>
    </ClInclude>
    <ClInclude Include="Population\PopulationPool.h">
      <Filter>Header Files\Population</Filter>
    </ClInclude>
    <ClInclude Include="Population\PopulationRequirements.h">
      <Filter>Header Files\Population</Filter>
    </ClInclude>
    <ClInclude Include="Population\PopulationTable.h">
      <Filter>Header Files\Population</Filter>
    </ClInclude>
    <ClInclude Include="Technology\ResearchTracker.h">
      <Filter>Header Files\Technology</Filter>
    </ClInclude>
    <ClInclude Include="Technology\Technology.h">
      <Filter>Header Files\Technology</Filter>
    </ClInclude>
    <ClInclude Include="Technology\TechnologyCatalog.h">
      <Filter>Header Files\Technology</Filter>
    </ClInclude>
  </ItemGroup>
  <ItemGroup>
    <None Include="..\.clang-format" />
  </ItemGroup>
</Project>