<?xml version="1.0" encoding="utf-8"?>
<Project ToolsVersion="4.0" xmlns="http://schemas.microsoft.com/developer/msbuild/2003">
  <ItemGroup>
    <Filter Include="Source Files">
      <UniqueIdentifier>{4FC737F1-C7A5-4376-A066-2A32D752A2FF}</UniqueIdentifier>
      <Extensions>cpp;c;cc;cxx;def;odl;idl;hpj;bat;asm;asmx</Extensions>
    </Filter>
    <Filter Include="Header Files">
      <UniqueIdentifier>{93995380-89BD-4b04-88EB-625FBE52EBFB}</UniqueIdentifier>
      <Extensions>h;hpp;hxx;hm;inl;inc;xsd</Extensions>
    </Filter>
    <Filter Include="Resource Files">
      <UniqueIdentifier>{67DA6AB6-F800-4c08-8B7A-83BB121AAD01}</UniqueIdentifier>
      <Extensions>rc;ico;cur;bmp;dlg;rc2;rct;bin;rgs;gif;jpg;jpeg;jpe;resx;tiff;tif;png;wav</Extensions>
    </Filter>
    <Filter Include="Source Files\Map">
      <UniqueIdentifier>{8013e5ff-baf7-4499-bff7-a7e38570a994}</UniqueIdentifier>
    </Filter>
    <Filter Include="Source Files\MapObjects">
      <UniqueIdentifier>{52eb17f3-c971-4ead-bf0c-5c4e384abc52}</UniqueIdentifier>
    </Filter>
    <Filter Include="Source Files\MapObjects\Robots">
      <UniqueIdentifier>{131c8505-7c2b-49a2-9a9f-39f18a5b600a}</UniqueIdentifier>
    </Filter>
    <Filter Include="Source Files\MapObjects\Structures">
      <UniqueIdentifier>{4ed844e6-1ccb-4e6f-887c-381f36561c0e}</UniqueIdentifier>
    </Filter>
    <Filter Include="Source Files\MicroPather">
      <UniqueIdentifier>{53d69791-75af-4014-99df-f2d2582597ca}</UniqueIdentifier>
    </Filter>
    <Filter Include="Source Files\States">
      <UniqueIdentifier>{4c338eac-6a16-447d-9675-0fb6f6775bda}</UniqueIdentifier>
    </Filter>
    <Filter Include="Source Files\UI">
      <UniqueIdentifier>{53be18b8-eaba-46f1-98d9-72eaaeb9c314}</UniqueIdentifier>
    </Filter>
    <Filter Include="Source Files\UI\Reports">
      <UniqueIdentifier>{463384e6-546b-4f3c-adda-f9c094bc326e}</UniqueIdentifier>
    </Filter>
    <Filter Include="Source Files\UI\SpecializedListBox">
      <UniqueIdentifier>{cd5e28df-9593-4566-86b8-d6e3a5c24335}</UniqueIdentifier>
    </Filter>
    <Filter Include="Header Files\Constants">
      <UniqueIdentifier>{df1a7586-89dd-467f-b703-58d0b820cd47}</UniqueIdentifier>
    </Filter>
    <Filter Include="Header Files\Map">
      <UniqueIdentifier>{ef0f2f7d-e0aa-47f6-a564-6a2de9a2cef2}</UniqueIdentifier>
    </Filter>
    <Filter Include="Header Files\MapObjects">
      <UniqueIdentifier>{f1567006-6b53-4e9f-a038-9e5e9d444cb3}</UniqueIdentifier>
    </Filter>
    <Filter Include="Header Files\MapObjects\Robots">
      <UniqueIdentifier>{affdff4d-cd8d-452b-b49b-b21fe6e4d487}</UniqueIdentifier>
    </Filter>
    <Filter Include="Header Files\MapObjects\Structures">
      <UniqueIdentifier>{1d0c1304-94ea-4f94-b1e6-439408414946}</UniqueIdentifier>
    </Filter>
    <Filter Include="Header Files\MicroPather">
      <UniqueIdentifier>{2edfd0b6-d405-4d57-954e-054f9de7cf34}</UniqueIdentifier>
    </Filter>
    <Filter Include="Header Files\States">
      <UniqueIdentifier>{402a383d-3f20-4883-b636-09f71bc952da}</UniqueIdentifier>
    </Filter>
    <Filter Include="Header Files\UI">
      <UniqueIdentifier>{7554b729-89ba-4834-bcb5-d29c59f0d91a}</UniqueIdentifier>
    </Filter>
    <Filter Include="Header Files\UI\Reports">
      <UniqueIdentifier>{a44c6715-e1af-4914-a179-42b503304355}</UniqueIdentifier>
    </Filter>
    <Filter Include="Header Files\UI\SpecializedListBox">
      <UniqueIdentifier>{cb143db0-8f9f-4ca0-b688-47c9e12cce98}</UniqueIdentifier>
    </Filter>
  </ItemGroup>
  <ItemGroup>
    <ClCompile Include="GraphWalker.cpp">
      <Filter>Source Files</Filter>
    </ClCompile>
    <ClCompile Include="IOHelper.cpp">
      <Filter>Source Files</Filter>
    </ClCompile>
    <ClCompile Include="main.cpp">
      <Filter>Source Files</Filter>
    </ClCompile>
    <ClCompile Include="Map\Connections.cpp">
      <Filter>Source Files\Map</Filter>
    </ClCompile>
    <ClCompile Include="Map\MapView.cpp">
      <Filter>Source Files\Map</Filter>
    </ClCompile>
    <ClCompile Include="Map\RouteFinder.cpp">
      <Filter>Source Files\Map</Filter>
    </ClCompile>
    <ClCompile Include="Map\Tile.cpp">
      <Filter>Source Files\Map</Filter>
    </ClCompile>
    <ClCompile Include="Map\TileMap.cpp">
      <Filter>Source Files\Map</Filter>
    </ClCompile>
    <ClCompile Include="MapObjects\Robot.cpp">
      <Filter>Source Files\MapObjects</Filter>
    </ClCompile>
    <ClCompile Include="MapObjects\Robots\Robodigger.cpp">
      <Filter>Source Files\MapObjects\Robots</Filter>
    </ClCompile>
    <ClCompile Include="MapObjects\Robots\Robodozer.cpp">
      <Filter>Source Files\MapObjects\Robots</Filter>
    </ClCompile>
    <ClCompile Include="MapObjects\Robots\Robominer.cpp">
      <Filter>Source Files\MapObjects\Robots</Filter>
    </ClCompile>
    <ClCompile Include="MapObjects\Structure.cpp">
      <Filter>Source Files\MapObjects</Filter>
    </ClCompile>
    <ClCompile Include="MapObjects\StructureIdToClass.cpp">
      <Filter>Source Files\MapObjects</Filter>
    </ClCompile>
    <ClCompile Include="MapObjects\Structures\Agridome.cpp">
      <Filter>Source Files\MapObjects\Structures</Filter>
    </ClCompile>
    <ClCompile Include="MapObjects\Structures\AirShaft.cpp">
      <Filter>Source Files\MapObjects\Structures</Filter>
    </ClCompile>
    <ClCompile Include="MapObjects\Structures\CargoLander.cpp">
      <Filter>Source Files\MapObjects\Structures</Filter>
    </ClCompile>
    <ClCompile Include="MapObjects\Structures\ColonistLander.cpp">
      <Filter>Source Files\MapObjects\Structures</Filter>
    </ClCompile>
    <ClCompile Include="MapObjects\Structures\CommandCenter.cpp">
      <Filter>Source Files\MapObjects\Structures</Filter>
    </ClCompile>
    <ClCompile Include="MapObjects\Structures\CommTower.cpp">
      <Filter>Source Files\MapObjects\Structures</Filter>
    </ClCompile>
    <ClCompile Include="MapObjects\Structures\Factory.cpp">
      <Filter>Source Files\MapObjects\Structures</Filter>
    </ClCompile>
    <ClCompile Include="MapObjects\Structures\FoodProduction.cpp">
      <Filter>Source Files\MapObjects\Structures</Filter>
    </ClCompile>
    <ClCompile Include="MapObjects\Structures\MaintenanceFacility.cpp">
      <Filter>Source Files\MapObjects\Structures</Filter>
    </ClCompile>
    <ClCompile Include="MapObjects\Structures\MineFacility.cpp">
      <Filter>Source Files\MapObjects\Structures</Filter>
    </ClCompile>
    <ClCompile Include="MapObjects\Structures\OreRefining.cpp">
      <Filter>Source Files\MapObjects\Structures</Filter>
    </ClCompile>
    <ClCompile Include="MapObjects\Structures\Recycling.cpp">
      <Filter>Source Files\MapObjects\Structures</Filter>
    </ClCompile>
    <ClCompile Include="MapObjects\Structures\ResearchFacility.cpp">
      <Filter>Source Files\MapObjects\Structures</Filter>
    </ClCompile>
    <ClCompile Include="MapObjects\Structures\Residence.cpp">
      <Filter>Source Files\MapObjects\Structures</Filter>
    </ClCompile>
    <ClCompile Include="MapObjects\Structures\Road.cpp">
      <Filter>Source Files\MapObjects\Structures</Filter>
    </ClCompile>
    <ClCompile Include="MapObjects\Structures\SeedLander.cpp">
      <Filter>Source Files\MapObjects\Structures</Filter>
    </ClCompile>
    <ClCompile Include="MapObjects\Structures\StorageTanks.cpp">
      <Filter>Source Files\MapObjects\Structures</Filter>
    </ClCompile>
    <ClCompile Include="MapObjects\Structures\Tube.cpp">
      <Filter>Source Files\MapObjects\Structures</Filter>
    </ClCompile>
    <ClCompile Include="MicroPather\micropather.cpp">
      <Filter>Source Files\MicroPather</Filter>
    </ClCompile>
    <ClCompile Include="OreDepositYieldString.cpp">
      <Filter>Source Files</Filter>
    </ClCompile>
    <ClCompile Include="MoraleString.cpp">
      <Filter>Source Files</Filter>
    </ClCompile>
    <ClCompile Include="OpenSaveGame.cpp">
      <Filter>Source Files</Filter>
    </ClCompile>
    <ClCompile Include="PointerType.cpp">
      <Filter>Source Files</Filter>
    </ClCompile>
    <ClCompile Include="ProductPool.cpp">
      <Filter>Source Files</Filter>
    </ClCompile>
    <ClCompile Include="Resources.cpp">
      <Filter>Source Files</Filter>
    </ClCompile>
    <ClCompile Include="RobotPool.cpp">
      <Filter>Source Files</Filter>
    </ClCompile>
    <ClCompile Include="ShellOpenPath.cpp">
      <Filter>Source Files</Filter>
    </ClCompile>
    <ClCompile Include="States\ColonyShip.cpp">
      <Filter>Source Files\States</Filter>
    </ClCompile>
    <ClCompile Include="States\CrimeExecution.cpp">
      <Filter>Source Files\States</Filter>
    </ClCompile>
    <ClCompile Include="States\CrimeRateUpdate.cpp">
      <Filter>Source Files\States</Filter>
    </ClCompile>
    <ClCompile Include="States\GameState.cpp">
      <Filter>Source Files\States</Filter>
    </ClCompile>
    <ClCompile Include="States\MainMenuState.cpp">
      <Filter>Source Files\States</Filter>
    </ClCompile>
    <ClCompile Include="States\MapViewState.cpp">
      <Filter>Source Files\States</Filter>
    </ClCompile>
    <ClCompile Include="States\MapViewStateDraw.cpp">
      <Filter>Source Files\States</Filter>
    </ClCompile>
    <ClCompile Include="States\MapViewStateEvent.cpp">
      <Filter>Source Files\States</Filter>
    </ClCompile>
    <ClCompile Include="States\MapViewStateHelper.cpp">
      <Filter>Source Files\States</Filter>
    </ClCompile>
    <ClCompile Include="States\MapViewStateIO.cpp">
      <Filter>Source Files\States</Filter>
    </ClCompile>
    <ClCompile Include="States\MapViewStateTurn.cpp">
      <Filter>Source Files\States</Filter>
    </ClCompile>
    <ClCompile Include="States\MapViewStateUi.cpp">
      <Filter>Source Files\States</Filter>
    </ClCompile>
    <ClCompile Include="States\PlanetSelectState.cpp">
      <Filter>Source Files\States</Filter>
    </ClCompile>
    <ClCompile Include="States\ReportsState.cpp">
      <Filter>Source Files\States</Filter>
    </ClCompile>
    <ClCompile Include="States\SplashState.cpp">
      <Filter>Source Files\States</Filter>
    </ClCompile>
    <ClCompile Include="States\StructureTracker.cpp">
      <Filter>Source Files\States</Filter>
    </ClCompile>
    <ClCompile Include="StructureCatalog.cpp">
      <Filter>Source Files</Filter>
    </ClCompile>
    <ClCompile Include="StructureManager.cpp">
      <Filter>Source Files</Filter>
    </ClCompile>
    <ClCompile Include="TruckAvailability.cpp">
      <Filter>Source Files</Filter>
    </ClCompile>
    <ClCompile Include="UI\CheatMenu.cpp">
      <Filter>Source Files</Filter>
    </ClCompile>
    <ClCompile Include="UI\DetailMap.cpp">
      <Filter>Source Files\UI</Filter>
    </ClCompile>
    <ClCompile Include="UI\DiggerDirection.cpp">
      <Filter>Source Files\UI</Filter>
    </ClCompile>
    <ClCompile Include="UI\FactoryListBox.cpp">
      <Filter>Source Files\UI\SpecializedListBox</Filter>
    </ClCompile>
    <ClCompile Include="UI\FactoryProduction.cpp">
      <Filter>Source Files\UI</Filter>
    </ClCompile>
    <ClCompile Include="UI\FileIo.cpp">
      <Filter>Source Files\UI</Filter>
    </ClCompile>
    <ClCompile Include="UI\GameOptionsDialog.cpp">
      <Filter>Source Files\UI</Filter>
    </ClCompile>
    <ClCompile Include="UI\GameOverDialog.cpp">
      <Filter>Source Files\UI</Filter>
    </ClCompile>
    <ClCompile Include="UI\IconGrid.cpp">
      <Filter>Source Files\UI</Filter>
    </ClCompile>
    <ClCompile Include="UI\MajorEventAnnouncement.cpp">
      <Filter>Source Files\UI</Filter>
    </ClCompile>
    <ClCompile Include="UI\MapObjectPicker.cpp">
      <Filter>Source Files\UI</Filter>
    </ClCompile>
    <ClCompile Include="UI\MessageBox.cpp">
      <Filter>Source Files\UI</Filter>
    </ClCompile>
    <ClCompile Include="UI\MineOperationsWindow.cpp">
      <Filter>Source Files\UI</Filter>
    </ClCompile>
    <ClCompile Include="UI\MiniMap.cpp">
      <Filter>Source Files\UI</Filter>
    </ClCompile>
    <ClCompile Include="UI\NavControl.cpp">
      <Filter>Source Files\UI</Filter>
    </ClCompile>
    <ClCompile Include="UI\NotificationArea.cpp">
      <Filter>Source Files\UI</Filter>
    </ClCompile>
    <ClCompile Include="UI\NotificationWindow.cpp">
      <Filter>Source Files\UI</Filter>
    </ClCompile>
    <ClCompile Include="UI\PlanetImage.cpp">
      <Filter>Source Files\UI</Filter>
    </ClCompile>
    <ClCompile Include="UI\PopulationPanel.cpp">
      <Filter>Source Files\UI</Filter>
    </ClCompile>
    <ClCompile Include="UI\ProductListBox.cpp">
      <Filter>Source Files\UI\SpecializedListBox</Filter>
    </ClCompile>
    <ClCompile Include="UI\ProgressBar.cpp">
      <Filter>Source Files\UI</Filter>
    </ClCompile>
    <ClCompile Include="UI\Reports\FactoryReport.cpp">
      <Filter>Source Files\UI\Reports</Filter>
    </ClCompile>
    <ClCompile Include="UI\Reports\MineReport.cpp">
      <Filter>Source Files\UI\Reports</Filter>
    </ClCompile>
    <ClCompile Include="UI\Reports\ResearchReport.cpp">
      <Filter>Source Files\UI\Reports</Filter>
    </ClCompile>
    <ClCompile Include="UI\Reports\WarehouseReport.cpp">
      <Filter>Source Files\UI\Reports</Filter>
    </ClCompile>
    <ClCompile Include="UI\ResourceBreakdownPanel.cpp">
      <Filter>Source Files\UI</Filter>
    </ClCompile>
    <ClCompile Include="UI\ResourceInfoBar.cpp">
      <Filter>Source Files\UI</Filter>
    </ClCompile>
    <ClCompile Include="UI\RobotDeploymentSummary.cpp">
      <Filter>Source Files\UI</Filter>
    </ClCompile>
    <ClCompile Include="UI\RobotInspector.cpp">
      <Filter>Source Files\UI</Filter>
    </ClCompile>
    <ClCompile Include="UI\StructureColor.cpp">
      <Filter>Source Files\UI</Filter>
    </ClCompile>
    <ClCompile Include="UI\StringTable.cpp">
      <Filter>Source Files\UI</Filter>
    </ClCompile>
    <ClCompile Include="UI\StructureInspector.cpp">
      <Filter>Source Files\UI</Filter>
    </ClCompile>
    <ClCompile Include="UI\StructureListBox.cpp">
      <Filter>Source Files\UI\SpecializedListBox</Filter>
    </ClCompile>
    <ClCompile Include="UI\TextRender.cpp">
      <Filter>Source Files\UI</Filter>
    </ClCompile>
    <ClCompile Include="UI\TileInspector.cpp">
      <Filter>Source Files\UI</Filter>
    </ClCompile>
    <ClCompile Include="UI\TrendLabel.cpp">
      <Filter>Source Files\UI</Filter>
    </ClCompile>
    <ClCompile Include="UI\WarehouseInspector.cpp">
      <Filter>Source Files\UI</Filter>
    </ClCompile>
    <ClCompile Include="UI\Reports\SpaceportsReport.cpp">
      <Filter>Source Files</Filter>
    </ClCompile>
    <ClCompile Include="UI\Reports\SatellitesReport.cpp">
      <Filter>Source Files</Filter>
    </ClCompile>
    <ClCompile Include="WindowEventWrapper.cpp">
      <Filter>Source Files</Filter>
    </ClCompile>
  </ItemGroup>
  <ItemGroup>
    <ClInclude Include="Cache.h">
      <Filter>Header Files</Filter>
    </ClInclude>
    <ClInclude Include="CacheMusic.h">
      <Filter>Header Files</Filter>
    </ClInclude>
    <ClInclude Include="Constants\Numbers.h">
      <Filter>Header Files\Constants</Filter>
    </ClInclude>
    <ClInclude Include="Constants\Strings.h">
      <Filter>Header Files\Constants</Filter>
    </ClInclude>
    <ClInclude Include="Constants\UiConstants.h">
      <Filter>Header Files\Constants</Filter>
    </ClInclude>
    <ClInclude Include="GraphWalker.h">
      <Filter>Header Files</Filter>
    </ClInclude>
    <ClInclude Include="IOHelper.h">
      <Filter>Header Files</Filter>
    </ClInclude>
    <ClInclude Include="Map\Connections.h">
      <Filter>Header Files\Map</Filter>
    </ClInclude>
    <ClInclude Include="Map\MapView.h">
      <Filter>Header Files\Map</Filter>
    </ClInclude>
    <ClInclude Include="Map\Route.h">
      <Filter>Header Files\Map</Filter>
    </ClInclude>
    <ClInclude Include="Map\RouteFinder.h">
      <Filter>Header Files\Map</Filter>
    </ClInclude>
    <ClInclude Include="Map\Tile.h">
      <Filter>Header Files\Map</Filter>
    </ClInclude>
    <ClInclude Include="Map\TileMap.h">
      <Filter>Header Files\Map</Filter>
    </ClInclude>
    <ClInclude Include="MapObjects\Robots\Robodigger.h">
      <Filter>Header Files\MapObjects\Robots</Filter>
    </ClInclude>
    <ClInclude Include="MapObjects\Robots\Robodozer.h">
      <Filter>Header Files\MapObjects\Robots</Filter>
    </ClInclude>
    <ClInclude Include="MapObjects\Robots\Robominer.h">
      <Filter>Header Files\MapObjects\Robots</Filter>
    </ClInclude>
    <ClInclude Include="MapObjects\Robot.h">
      <Filter>Header Files\MapObjects</Filter>
    </ClInclude>
    <ClInclude Include="MapObjects\Robots.h">
      <Filter>Header Files\MapObjects</Filter>
    </ClInclude>
    <ClInclude Include="MapObjects\RobotType.h">
      <Filter>Header Files\MapObjects</Filter>
    </ClInclude>
    <ClInclude Include="MapObjects\RobotTypeIndex.h">
      <Filter>Header Files\MapObjects</Filter>
    </ClInclude>
    <ClInclude Include="MapObjects\Structure.h">
      <Filter>Header Files\MapObjects</Filter>
    </ClInclude>
    <ClInclude Include="MapObjects\StructureClass.h">
      <Filter>Header Files\MapObjects</Filter>
    </ClInclude>
    <ClInclude Include="MapObjects\StructureIdToClass.h">
      <Filter>Header Files\MapObjects</Filter>
    </ClInclude>
    <ClInclude Include="MapObjects\Structures.h">
      <Filter>Header Files\MapObjects</Filter>
    </ClInclude>
    <ClInclude Include="MapObjects\StructureState.h">
      <Filter>Header Files\MapObjects</Filter>
    </ClInclude>
    <ClInclude Include="MapObjects\Structures\Agridome.h">
      <Filter>Header Files\MapObjects\Structures</Filter>
    </ClInclude>
    <ClInclude Include="MapObjects\Structures\AirShaft.h">
      <Filter>Header Files\MapObjects\Structures</Filter>
    </ClInclude>
    <ClInclude Include="MapObjects\Structures\CargoLander.h">
      <Filter>Header Files\MapObjects\Structures</Filter>
    </ClInclude>
    <ClInclude Include="MapObjects\Structures\ColonistLander.h">
      <Filter>Header Files\MapObjects\Structures</Filter>
    </ClInclude>
    <ClInclude Include="MapObjects\Structures\CommandCenter.h">
      <Filter>Header Files\MapObjects\Structures</Filter>
    </ClInclude>
    <ClInclude Include="MapObjects\Structures\CommTower.h">
      <Filter>Header Files\MapObjects\Structures</Filter>
    </ClInclude>
    <ClInclude Include="MapObjects\Structures\Factory.h">
      <Filter>Header Files\MapObjects\Structures</Filter>
    </ClInclude>
    <ClInclude Include="MapObjects\Structures\FoodProduction.h">
      <Filter>Header Files\MapObjects\Structures</Filter>
    </ClInclude>
    <ClInclude Include="MapObjects\Structures\HotLaboratory.h">
      <Filter>Header Files\MapObjects\Structures</Filter>
    </ClInclude>
    <ClInclude Include="MapObjects\Structures\Laboratory.h">
      <Filter>Header Files\MapObjects\Structures</Filter>
    </ClInclude>
    <ClInclude Include="MapObjects\Structures\MaintenanceFacility.h">
      <Filter>Header Files\MapObjects\Structures</Filter>
    </ClInclude>
    <ClInclude Include="MapObjects\Structures\MineFacility.h">
      <Filter>Header Files\MapObjects\Structures</Filter>
    </ClInclude>
    <ClInclude Include="MapObjects\Structures\MineShaft.h">
      <Filter>Header Files\MapObjects\Structures</Filter>
    </ClInclude>
    <ClInclude Include="MapObjects\Structures\OreRefining.h">
      <Filter>Header Files\MapObjects\Structures</Filter>
    </ClInclude>
    <ClInclude Include="MapObjects\Structures\Recycling.h">
      <Filter>Header Files\MapObjects\Structures</Filter>
    </ClInclude>
    <ClInclude Include="MapObjects\Structures\ResearchFacility.h">
      <Filter>Header Files\MapObjects\Structures</Filter>
    </ClInclude>
    <ClInclude Include="MapObjects\Structures\Residence.h">
      <Filter>Header Files\MapObjects\Structures</Filter>
    </ClInclude>
    <ClInclude Include="MapObjects\Structures\Road.h">
      <Filter>Header Files\MapObjects\Structures</Filter>
    </ClInclude>
    <ClInclude Include="MapObjects\Structures\SeedFactory.h">
      <Filter>Header Files\MapObjects\Structures</Filter>
    </ClInclude>
    <ClInclude Include="MapObjects\Structures\SeedLander.h">
      <Filter>Header Files\MapObjects\Structures</Filter>
    </ClInclude>
    <ClInclude Include="MapObjects\Structures\StorageTanks.h">
      <Filter>Header Files\MapObjects\Structures</Filter>
    </ClInclude>
    <ClInclude Include="MapObjects\Structures\SurfaceFactory.h">
      <Filter>Header Files\MapObjects\Structures</Filter>
    </ClInclude>
    <ClInclude Include="MapObjects\Structures\Tube.h">
      <Filter>Header Files\MapObjects\Structures</Filter>
    </ClInclude>
    <ClInclude Include="MapObjects\Structures\UndergroundFactory.h">
      <Filter>Header Files\MapObjects\Structures</Filter>
    </ClInclude>
    <ClInclude Include="MapObjects\Structures\Warehouse.h">
      <Filter>Header Files\MapObjects\Structures</Filter>
    </ClInclude>
    <ClInclude Include="MicroPather\micropather.h">
      <Filter>Header Files\MicroPather</Filter>
    </ClInclude>
    <ClInclude Include="OreDepositYieldString.h">
      <Filter>Header Files</Filter>
    </ClInclude>
    <ClInclude Include="MoraleString.h">
      <Filter>Header Files</Filter>
    </ClInclude>
    <ClInclude Include="OpenSaveGame.h">
      <Filter>Header Files</Filter>
    </ClInclude>
    <ClInclude Include="PointerType.h">
      <Filter>Header Files</Filter>
    </ClInclude>
    <ClInclude Include="ProductPool.h">
      <Filter>Header Files</Filter>
    </ClInclude>
    <ClInclude Include="resource.h">
      <Filter>Resource Files</Filter>
    </ClInclude>
    <ClInclude Include="Resources.h">
      <Filter>Header Files</Filter>
    </ClInclude>
    <ClInclude Include="RobotPool.h">
      <Filter>Header Files</Filter>
    </ClInclude>
    <ClInclude Include="ShellOpenPath.h">
      <Filter>Header Files</Filter>
    </ClInclude>
    <ClInclude Include="States\ColonyShip.h">
      <Filter>Header Files\States</Filter>
    </ClInclude>
    <ClInclude Include="States\CrimeExecution.h">
      <Filter>Header Files\States</Filter>
    </ClInclude>
    <ClInclude Include="States\CrimeRateUpdate.h">
      <Filter>Header Files\States</Filter>
    </ClInclude>
    <ClInclude Include="States\GameState.h">
      <Filter>Header Files\States</Filter>
    </ClInclude>
    <ClInclude Include="States\MainMenuState.h">
      <Filter>Header Files\States</Filter>
    </ClInclude>
    <ClInclude Include="States\MapViewState.h">
      <Filter>Header Files\States</Filter>
    </ClInclude>
    <ClInclude Include="States\MapViewStateHelper.h">
      <Filter>Header Files\States</Filter>
    </ClInclude>
    <ClInclude Include="States\PlanetSelectState.h">
      <Filter>Header Files\States</Filter>
    </ClInclude>
    <ClInclude Include="States\ReportsState.h">
      <Filter>Header Files\States</Filter>
    </ClInclude>
    <ClInclude Include="States\SplashState.h">
      <Filter>Header Files\States</Filter>
    </ClInclude>
    <ClInclude Include="States\StructureTracker.h">
      <Filter>Header Files\States</Filter>
    </ClInclude>
    <ClInclude Include="States\Wrapper.h">
      <Filter>Header Files\States</Filter>
    </ClInclude>
    <ClInclude Include="StructureCatalog.h">
      <Filter>Header Files</Filter>
    </ClInclude>
    <ClInclude Include="StructureManager.h">
      <Filter>Header Files</Filter>
    </ClInclude>
    <ClInclude Include="TruckAvailability.h">
      <Filter>Header Files</Filter>
    </ClInclude>
    <ClInclude Include="UI\CheatMenu.h">
      <Filter>Header Files</Filter>
    </ClInclude>
    <ClInclude Include="UI\DetailMap.h">
      <Filter>Header Files\UI</Filter>
    </ClInclude>
    <ClInclude Include="UI\DiggerDirection.h">
      <Filter>Header Files\UI</Filter>
    </ClInclude>
    <ClInclude Include="UI\FactoryListBox.h">
      <Filter>Header Files\UI\SpecializedListBox</Filter>
    </ClInclude>
    <ClInclude Include="UI\FactoryProduction.h">
      <Filter>Header Files\UI</Filter>
    </ClInclude>
    <ClInclude Include="UI\FileIo.h">
      <Filter>Header Files\UI</Filter>
    </ClInclude>
    <ClInclude Include="UI\GameOptionsDialog.h">
      <Filter>Header Files\UI</Filter>
    </ClInclude>
    <ClInclude Include="UI\GameOverDialog.h">
      <Filter>Header Files\UI</Filter>
    </ClInclude>
    <ClInclude Include="UI\IconGrid.h">
      <Filter>Header Files\UI</Filter>
    </ClInclude>
    <ClInclude Include="UI\MajorEventAnnouncement.h">
      <Filter>Header Files\UI</Filter>
    </ClInclude>
    <ClInclude Include="UI\MapObjectPicker.h">
      <Filter>Header Files\UI</Filter>
    </ClInclude>
    <ClInclude Include="UI\MessageBox.h">
      <Filter>Header Files\UI</Filter>
    </ClInclude>
    <ClInclude Include="UI\MineOperationsWindow.h">
      <Filter>Header Files\UI</Filter>
    </ClInclude>
    <ClInclude Include="UI\MiniMap.h">
      <Filter>Header Files\UI</Filter>
    </ClInclude>
    <ClInclude Include="UI\NavControl.h">
      <Filter>Header Files\UI</Filter>
    </ClInclude>
    <ClInclude Include="UI\NotificationArea.h">
      <Filter>Header Files\UI</Filter>
    </ClInclude>
    <ClInclude Include="UI\NotificationWindow.h">
      <Filter>Header Files\UI</Filter>
    </ClInclude>
    <ClInclude Include="UI\PlanetImage.h">
      <Filter>Header Files\UI</Filter>
    </ClInclude>
    <ClInclude Include="UI\PopulationPanel.h">
      <Filter>Header Files\UI</Filter>
    </ClInclude>
    <ClInclude Include="UI\ProductListBox.h">
      <Filter>Header Files\UI\SpecializedListBox</Filter>
    </ClInclude>
    <ClInclude Include="UI\ProgressBar.h">
      <Filter>Header Files\UI</Filter>
    </ClInclude>
    <ClInclude Include="UI\Reports\FactoryReport.h">
      <Filter>Header Files\UI\Reports</Filter>
    </ClInclude>
    <ClInclude Include="UI\Reports\MineReport.h">
      <Filter>Header Files\UI\Reports</Filter>
    </ClInclude>
    <ClInclude Include="UI\Reports\Report.h">
      <Filter>Header Files\UI\Reports</Filter>
    </ClInclude>
    <ClInclude Include="UI\Reports\ResearchReport.h">
      <Filter>Header Files\UI\Reports</Filter>
    </ClInclude>
    <ClInclude Include="UI\Reports\WarehouseReport.h">
      <Filter>Header Files\UI\Reports</Filter>
    </ClInclude>
    <ClInclude Include="UI\ResourceBreakdownPanel.h">
      <Filter>Header Files\UI</Filter>
    </ClInclude>
    <ClInclude Include="UI\ResourceInfoBar.h">
      <Filter>Header Files\UI</Filter>
    </ClInclude>
    <ClInclude Include="UI\RobotDeploymentSummary.h">
      <Filter>Header Files\UI</Filter>
    </ClInclude>
    <ClInclude Include="UI\RobotInspector.h">
      <Filter>Header Files\UI</Filter>
    </ClInclude>
    <ClInclude Include="UI\StringTable.h">
      <Filter>Header Files\UI</Filter>
    </ClInclude>
    <ClInclude Include="UI\StructureInspector.h">
      <Filter>Header Files\UI</Filter>
    </ClInclude>
    <ClInclude Include="UI\StructureListBox.h">
      <Filter>Header Files\UI\SpecializedListBox</Filter>
    </ClInclude>
    <ClInclude Include="UI\TextRender.h">
      <Filter>Header Files\UI</Filter>
    </ClInclude>
    <ClInclude Include="UI\TileInspector.h">
      <Filter>Header Files\UI</Filter>
    </ClInclude>
    <ClInclude Include="UI\TrendLabel.h">
      <Filter>Header Files\UI</Filter>
    </ClInclude>
    <ClInclude Include="UI\WarehouseInspector.h">
      <Filter>Header Files\UI</Filter>
    </ClInclude>
    <ClInclude Include="WindowEventWrapper.h">
      <Filter>Header Files</Filter>
    </ClInclude>
    <ClInclude Include="UI\Reports\SatellitesReport.h">
      <Filter>Header Files</Filter>
    </ClInclude>
    <ClInclude Include="UI\Reports\SpaceportsReport.h">
      <Filter>Header Files</Filter>
    </ClInclude>
    <ClInclude Include="UI\StructureColor.h">
      <Filter>Header Files</Filter>
    </ClInclude>
  </ItemGroup>
  <ItemGroup>
    <ResourceCompile Include="ophd.rc">
      <Filter>Resource Files</Filter>
    </ResourceCompile>
  </ItemGroup>
  <ItemGroup>
    <Image Include="outpost.ico">
      <Filter>Resource Files</Filter>
    </Image>
  </ItemGroup>
</Project>